// !$*UTF8*$!
{
	archiveVersion = 1;
	classes = {
	};
	objectVersion = 46;
	objects = {

/* Begin PBXBuildFile section */
		0435DD6B1C857152009D3245 /* LoginButton2.png in Resources */ = {isa = PBXBuildFile; fileRef = 0435DD681C857152009D3245 /* LoginButton2.png */; };
		0435DD6C1C857152009D3245 /* LoginScreenBg2.jpg in Resources */ = {isa = PBXBuildFile; fileRef = 0435DD691C857152009D3245 /* LoginScreenBg2.jpg */; };
		0435DD6D1C857152009D3245 /* SignUpButton2.png in Resources */ = {isa = PBXBuildFile; fileRef = 0435DD6A1C857152009D3245 /* SignUpButton2.png */; };
		04B6C3231C85786C00BA7882 /* TodoSlogan_LightGray.png in Resources */ = {isa = PBXBuildFile; fileRef = 04B6C3201C85786C00BA7882 /* TodoSlogan_LightGray.png */; };
		04B6C3241C85786C00BA7882 /* TodoLogo_Teal.png in Resources */ = {isa = PBXBuildFile; fileRef = 04B6C3211C85786C00BA7882 /* TodoLogo_Teal.png */; };
		04B6C3251C85786C00BA7882 /* TodoLogo_White.png in Resources */ = {isa = PBXBuildFile; fileRef = 04B6C3221C85786C00BA7882 /* TodoLogo_White.png */; };
		04B6C3291C865E7800BA7882 /* DotsBalance_Profile.png in Resources */ = {isa = PBXBuildFile; fileRef = 04B6C3271C865E7800BA7882 /* DotsBalance_Profile.png */; };
		04B6C32C1C865F4000BA7882 /* StudentProfileTestPhoto.png in Resources */ = {isa = PBXBuildFile; fileRef = 04B6C32B1C865F4000BA7882 /* StudentProfileTestPhoto.png */; };
		04B6C3341C866A0600BA7882 /* ProfileViewController.swift in Sources */ = {isa = PBXBuildFile; fileRef = 04B6C3331C866A0600BA7882 /* ProfileViewController.swift */; };
		04B6C3361C86784200BA7882 /* ModerateActivity_Profile.png in Resources */ = {isa = PBXBuildFile; fileRef = 04B6C3351C86784200BA7882 /* ModerateActivity_Profile.png */; };
		04B6C3391C86787500BA7882 /* FrequentActivity_Profile.png in Resources */ = {isa = PBXBuildFile; fileRef = 04B6C3371C86787500BA7882 /* FrequentActivity_Profile.png */; };
		04B6C33A1C86787500BA7882 /* MinimalActivity_Profile.png in Resources */ = {isa = PBXBuildFile; fileRef = 04B6C3381C86787500BA7882 /* MinimalActivity_Profile.png */; };
		04B6C33C1C86793500BA7882 /* EmailButton_Profile.png in Resources */ = {isa = PBXBuildFile; fileRef = 04B6C33B1C86793500BA7882 /* EmailButton_Profile.png */; };
		04B6C33E1C86806F00BA7882 /* StandardNotificationTableViewCell.swift in Sources */ = {isa = PBXBuildFile; fileRef = 04B6C33D1C86806F00BA7882 /* StandardNotificationTableViewCell.swift */; };
		04B6C3401C8681EF00BA7882 /* RequestNotificationTableViewCell.swift in Sources */ = {isa = PBXBuildFile; fileRef = 04B6C33F1C8681EF00BA7882 /* RequestNotificationTableViewCell.swift */; };
		04B6C3421C86825F00BA7882 /* Notification.swift in Sources */ = {isa = PBXBuildFile; fileRef = 04B6C3411C86825F00BA7882 /* Notification.swift */; };
		04B6C3441C8682EB00BA7882 /* NotificationsTableViewController.swift in Sources */ = {isa = PBXBuildFile; fileRef = 04B6C3431C8682EB00BA7882 /* NotificationsTableViewController.swift */; };
		8780982B1C86BF88005DDE9E /* LocationIcon.png in Resources */ = {isa = PBXBuildFile; fileRef = 8780982A1C86BF88005DDE9E /* LocationIcon.png */; };
		8780982D1C86C072005DDE9E /* RequestPoolTableViewController.swift in Sources */ = {isa = PBXBuildFile; fileRef = 8780982C1C86C072005DDE9E /* RequestPoolTableViewController.swift */; };
		8780982F1C86C14C005DDE9E /* RequestPoolTableViewCell.swift in Sources */ = {isa = PBXBuildFile; fileRef = 8780982E1C86C14C005DDE9E /* RequestPoolTableViewCell.swift */; };
		878098311C86C21A005DDE9E /* TutoringRequest.swift in Sources */ = {isa = PBXBuildFile; fileRef = 878098301C86C21A005DDE9E /* TutoringRequest.swift */; };
		8782F70A1C8D3E4300922859 /* User.swift in Sources */ = {isa = PBXBuildFile; fileRef = 8782F7091C8D3E4300922859 /* User.swift */; };
		8782F70E1C8D406700922859 /* SignUpViewController.swift in Sources */ = {isa = PBXBuildFile; fileRef = 8782F70D1C8D406700922859 /* SignUpViewController.swift */; };
		8782F7111C8D457100922859 /* RegistrationTableViewCell.swift in Sources */ = {isa = PBXBuildFile; fileRef = 8782F7101C8D457100922859 /* RegistrationTableViewCell.swift */; };
		C477A84576E3A26F2C5FCC88 /* Pods.framework in Frameworks */ = {isa = PBXBuildFile; fileRef = 8C38DF7D0F490F56A7AA3F93 /* Pods.framework */; };
		CA2A50F61C8528AD000E2E94 /* Home Analitics1.png in Resources */ = {isa = PBXBuildFile; fileRef = CA2A50F51C8528AD000E2E94 /* Home Analitics1.png */; };
		CA2A50F91C854225000E2E94 /* LoadingViewController.swift in Sources */ = {isa = PBXBuildFile; fileRef = CA2A50F81C854225000E2E94 /* LoadingViewController.swift */; };
		CA8B11811C8687000039D8F3 /* Notifications.storyboard in Resources */ = {isa = PBXBuildFile; fileRef = CA8B11801C8687000039D8F3 /* Notifications.storyboard */; };
		CA8B11831C869A230039D8F3 /* TutorWaitingViewController.swift in Sources */ = {isa = PBXBuildFile; fileRef = CA8B11821C869A230039D8F3 /* TutorWaitingViewController.swift */; };
		CA8B11851C86A00B0039D8F3 /* Home Analitics2.png in Resources */ = {isa = PBXBuildFile; fileRef = CA8B11841C86A00B0039D8F3 /* Home Analitics2.png */; };
		CAB102041C8442E600033929 /* logout.png in Resources */ = {isa = PBXBuildFile; fileRef = CAB102031C8442E600033929 /* logout.png */; };
		CAB102061C844FA500033929 /* user-pic.png in Resources */ = {isa = PBXBuildFile; fileRef = CAB102051C844FA500033929 /* user-pic.png */; };
		CAC137BB1C854F6400586487 /* Settings.storyboard in Resources */ = {isa = PBXBuildFile; fileRef = CAC137BA1C854F6400586487 /* Settings.storyboard */; };
		CAC137BD1C8552A000586487 /* Profile.storyboard in Resources */ = {isa = PBXBuildFile; fileRef = CAC137BC1C8552A000586487 /* Profile.storyboard */; };
		CAC137BF1C85538D00586487 /* History.storyboard in Resources */ = {isa = PBXBuildFile; fileRef = CAC137BE1C85538D00586487 /* History.storyboard */; };
		CAC137C41C85548B00586487 /* Main.storyboard in Resources */ = {isa = PBXBuildFile; fileRef = CAC137C21C85548B00586487 /* Main.storyboard */; };
		CAC137C61C85567A00586487 /* SignOn.storyboard in Resources */ = {isa = PBXBuildFile; fileRef = CAC137C51C85567A00586487 /* SignOn.storyboard */; };
		CAC137C81C8557ED00586487 /* Home.storyboard in Resources */ = {isa = PBXBuildFile; fileRef = CAC137C71C8557ED00586487 /* Home.storyboard */; };
		CAC137D01C855D8E00586487 /* History Example.png in Resources */ = {isa = PBXBuildFile; fileRef = CAC137CA1C855D8E00586487 /* History Example.png */; };
		CAC137D11C855D8E00586487 /* HistoryExample.png in Resources */ = {isa = PBXBuildFile; fileRef = CAC137CB1C855D8E00586487 /* HistoryExample.png */; };
		CAC137D21C855D8E00586487 /* Location.png in Resources */ = {isa = PBXBuildFile; fileRef = CAC137CC1C855D8E00586487 /* Location.png */; };
		CAC137D31C855D8E00586487 /* user1.png in Resources */ = {isa = PBXBuildFile; fileRef = CAC137CD1C855D8E00586487 /* user1.png */; };
		CAC137D41C855D8E00586487 /* user2.png in Resources */ = {isa = PBXBuildFile; fileRef = CAC137CE1C855D8E00586487 /* user2.png */; };
		CAC137D51C855D8E00586487 /* user3.png in Resources */ = {isa = PBXBuildFile; fileRef = CAC137CF1C855D8E00586487 /* user3.png */; };
		CAC4825F1C83D92600059FDD /* HistoryTabIcon_Black.png in Resources */ = {isa = PBXBuildFile; fileRef = CAC482551C83D92600059FDD /* HistoryTabIcon_Black.png */; };
		CAC482611C83D92600059FDD /* HomeTabIcon_Black.png in Resources */ = {isa = PBXBuildFile; fileRef = CAC482571C83D92600059FDD /* HomeTabIcon_Black.png */; };
		CAC482631C83D92600059FDD /* NotificationsTabIcon_Black.png in Resources */ = {isa = PBXBuildFile; fileRef = CAC482591C83D92600059FDD /* NotificationsTabIcon_Black.png */; };
		CAC482651C83D92600059FDD /* ProfileTabIcon_Black.png in Resources */ = {isa = PBXBuildFile; fileRef = CAC4825B1C83D92600059FDD /* ProfileTabIcon_Black.png */; };
		CAC482671C83D92600059FDD /* SettingsTabIcon_Black.png in Resources */ = {isa = PBXBuildFile; fileRef = CAC4825D1C83D92600059FDD /* SettingsTabIcon_Black.png */; };
		CAC482711C83F49A00059FDD /* SEGOEUIB.TTF in Resources */ = {isa = PBXBuildFile; fileRef = CAC4826D1C83F49A00059FDD /* SEGOEUIB.TTF */; };
		CAC482721C83F49A00059FDD /* segoeuii.ttf in Resources */ = {isa = PBXBuildFile; fileRef = CAC4826E1C83F49A00059FDD /* segoeuii.ttf */; };
		CAC482731C83F49A00059FDD /* SEGOEUIZ.TTF in Resources */ = {isa = PBXBuildFile; fileRef = CAC4826F1C83F49A00059FDD /* SEGOEUIZ.TTF */; };
		CAC482751C83F4A900059FDD /* Maiandra GD Regular.ttf in Resources */ = {isa = PBXBuildFile; fileRef = CAC482741C83F4A900059FDD /* Maiandra GD Regular.ttf */; };
		CAC4827B1C83F85A00059FDD /* HistoryTabIcon_Teal.png in Resources */ = {isa = PBXBuildFile; fileRef = CAC482761C83F85A00059FDD /* HistoryTabIcon_Teal.png */; };
		CAC4827C1C83F85A00059FDD /* HomeTabIcon_Teal.png in Resources */ = {isa = PBXBuildFile; fileRef = CAC482771C83F85A00059FDD /* HomeTabIcon_Teal.png */; };
		CAC4827D1C83F85A00059FDD /* NotificationsTabIcon_Teal.png in Resources */ = {isa = PBXBuildFile; fileRef = CAC482781C83F85A00059FDD /* NotificationsTabIcon_Teal.png */; };
		CAC4827E1C83F85A00059FDD /* ProfileTabIcon_Teal.png in Resources */ = {isa = PBXBuildFile; fileRef = CAC482791C83F85A00059FDD /* ProfileTabIcon_Teal.png */; };
		CAC4827F1C83F85A00059FDD /* SettingsTabIcon_Teal.png in Resources */ = {isa = PBXBuildFile; fileRef = CAC4827A1C83F85A00059FDD /* SettingsTabIcon_Teal.png */; };
		CAC482801C83FED800059FDD /* SEGOEUI.TTF in Resources */ = {isa = PBXBuildFile; fileRef = CAC482821C83FED800059FDD /* SEGOEUI.TTF */; };
		CAC482881C84209E00059FDD /* Home Analitics.png in Resources */ = {isa = PBXBuildFile; fileRef = CAC482851C84209E00059FDD /* Home Analitics.png */; };
		CAC482891C84209E00059FDD /* Home-Item1.png in Resources */ = {isa = PBXBuildFile; fileRef = CAC482861C84209E00059FDD /* Home-Item1.png */; };
		CAC4828A1C84209E00059FDD /* Home-Item2.png in Resources */ = {isa = PBXBuildFile; fileRef = CAC482871C84209E00059FDD /* Home-Item2.png */; };
		CADD3C431C7E46030085F014 /* AppDelegate.swift in Sources */ = {isa = PBXBuildFile; fileRef = CADD3C421C7E46030085F014 /* AppDelegate.swift */; };
		CADD3C451C7E46030085F014 /* SignInOnViewController.swift in Sources */ = {isa = PBXBuildFile; fileRef = CADD3C441C7E46030085F014 /* SignInOnViewController.swift */; };
		CADD3C4A1C7E46030085F014 /* Assets.xcassets in Resources */ = {isa = PBXBuildFile; fileRef = CADD3C491C7E46030085F014 /* Assets.xcassets */; };
		CADD3C4D1C7E46030085F014 /* LaunchScreen.storyboard in Resources */ = {isa = PBXBuildFile; fileRef = CADD3C4B1C7E46030085F014 /* LaunchScreen.storyboard */; };
		CADD3C581C7E46030085F014 /* todoTests.swift in Sources */ = {isa = PBXBuildFile; fileRef = CADD3C571C7E46030085F014 /* todoTests.swift */; };
		CADD3C631C7E46030085F014 /* todoUITests.swift in Sources */ = {isa = PBXBuildFile; fileRef = CADD3C621C7E46030085F014 /* todoUITests.swift */; };
		CADD3C721C7E4ED70085F014 /* xlarge_building1.jpg in Resources */ = {isa = PBXBuildFile; fileRef = CADD3C711C7E4ED70085F014 /* xlarge_building1.jpg */; };
/* End PBXBuildFile section */

/* Begin PBXContainerItemProxy section */
		CADD3C541C7E46030085F014 /* PBXContainerItemProxy */ = {
			isa = PBXContainerItemProxy;
			containerPortal = CADD3C371C7E46030085F014 /* Project object */;
			proxyType = 1;
			remoteGlobalIDString = CADD3C3E1C7E46030085F014;
			remoteInfo = todo;
		};
		CADD3C5F1C7E46030085F014 /* PBXContainerItemProxy */ = {
			isa = PBXContainerItemProxy;
			containerPortal = CADD3C371C7E46030085F014 /* Project object */;
			proxyType = 1;
			remoteGlobalIDString = CADD3C3E1C7E46030085F014;
			remoteInfo = todo;
		};
/* End PBXContainerItemProxy section */

/* Begin PBXFileReference section */
		0435DD681C857152009D3245 /* LoginButton2.png */ = {isa = PBXFileReference; lastKnownFileType = image.png; path = LoginButton2.png; sourceTree = "<group>"; };
		0435DD691C857152009D3245 /* LoginScreenBg2.jpg */ = {isa = PBXFileReference; lastKnownFileType = image.jpeg; path = LoginScreenBg2.jpg; sourceTree = "<group>"; };
		0435DD6A1C857152009D3245 /* SignUpButton2.png */ = {isa = PBXFileReference; lastKnownFileType = image.png; path = SignUpButton2.png; sourceTree = "<group>"; };
		04B6C3201C85786C00BA7882 /* TodoSlogan_LightGray.png */ = {isa = PBXFileReference; lastKnownFileType = image.png; path = TodoSlogan_LightGray.png; sourceTree = "<group>"; };
		04B6C3211C85786C00BA7882 /* TodoLogo_Teal.png */ = {isa = PBXFileReference; lastKnownFileType = image.png; path = TodoLogo_Teal.png; sourceTree = "<group>"; };
		04B6C3221C85786C00BA7882 /* TodoLogo_White.png */ = {isa = PBXFileReference; lastKnownFileType = image.png; path = TodoLogo_White.png; sourceTree = "<group>"; };
		04B6C3271C865E7800BA7882 /* DotsBalance_Profile.png */ = {isa = PBXFileReference; lastKnownFileType = image.png; path = DotsBalance_Profile.png; sourceTree = "<group>"; };
		04B6C32B1C865F4000BA7882 /* StudentProfileTestPhoto.png */ = {isa = PBXFileReference; lastKnownFileType = image.png; path = StudentProfileTestPhoto.png; sourceTree = "<group>"; };
		04B6C3331C866A0600BA7882 /* ProfileViewController.swift */ = {isa = PBXFileReference; fileEncoding = 4; lastKnownFileType = sourcecode.swift; path = ProfileViewController.swift; sourceTree = "<group>"; };
		04B6C3351C86784200BA7882 /* ModerateActivity_Profile.png */ = {isa = PBXFileReference; lastKnownFileType = image.png; path = ModerateActivity_Profile.png; sourceTree = "<group>"; };
		04B6C3371C86787500BA7882 /* FrequentActivity_Profile.png */ = {isa = PBXFileReference; lastKnownFileType = image.png; path = FrequentActivity_Profile.png; sourceTree = "<group>"; };
		04B6C3381C86787500BA7882 /* MinimalActivity_Profile.png */ = {isa = PBXFileReference; lastKnownFileType = image.png; path = MinimalActivity_Profile.png; sourceTree = "<group>"; };
		04B6C33B1C86793500BA7882 /* EmailButton_Profile.png */ = {isa = PBXFileReference; lastKnownFileType = image.png; path = EmailButton_Profile.png; sourceTree = "<group>"; };
		04B6C33D1C86806F00BA7882 /* StandardNotificationTableViewCell.swift */ = {isa = PBXFileReference; fileEncoding = 4; lastKnownFileType = sourcecode.swift; path = StandardNotificationTableViewCell.swift; sourceTree = "<group>"; };
		04B6C33F1C8681EF00BA7882 /* RequestNotificationTableViewCell.swift */ = {isa = PBXFileReference; fileEncoding = 4; lastKnownFileType = sourcecode.swift; path = RequestNotificationTableViewCell.swift; sourceTree = "<group>"; };
		04B6C3411C86825F00BA7882 /* Notification.swift */ = {isa = PBXFileReference; fileEncoding = 4; lastKnownFileType = sourcecode.swift; path = Notification.swift; sourceTree = "<group>"; };
		04B6C3431C8682EB00BA7882 /* NotificationsTableViewController.swift */ = {isa = PBXFileReference; fileEncoding = 4; lastKnownFileType = sourcecode.swift; path = NotificationsTableViewController.swift; sourceTree = "<group>"; };
		8780982A1C86BF88005DDE9E /* LocationIcon.png */ = {isa = PBXFileReference; lastKnownFileType = image.png; path = LocationIcon.png; sourceTree = "<group>"; };
		8780982C1C86C072005DDE9E /* RequestPoolTableViewController.swift */ = {isa = PBXFileReference; fileEncoding = 4; lastKnownFileType = sourcecode.swift; path = RequestPoolTableViewController.swift; sourceTree = "<group>"; };
		8780982E1C86C14C005DDE9E /* RequestPoolTableViewCell.swift */ = {isa = PBXFileReference; fileEncoding = 4; lastKnownFileType = sourcecode.swift; path = RequestPoolTableViewCell.swift; sourceTree = "<group>"; };
		878098301C86C21A005DDE9E /* TutoringRequest.swift */ = {isa = PBXFileReference; fileEncoding = 4; lastKnownFileType = sourcecode.swift; path = TutoringRequest.swift; sourceTree = "<group>"; };
		8782F7091C8D3E4300922859 /* User.swift */ = {isa = PBXFileReference; fileEncoding = 4; lastKnownFileType = sourcecode.swift; path = User.swift; sourceTree = "<group>"; };
		8782F70D1C8D406700922859 /* SignUpViewController.swift */ = {isa = PBXFileReference; fileEncoding = 4; lastKnownFileType = sourcecode.swift; path = SignUpViewController.swift; sourceTree = "<group>"; };
		8782F7101C8D457100922859 /* RegistrationTableViewCell.swift */ = {isa = PBXFileReference; fileEncoding = 4; lastKnownFileType = sourcecode.swift; path = RegistrationTableViewCell.swift; sourceTree = "<group>"; };
		8C38DF7D0F490F56A7AA3F93 /* Pods.framework */ = {isa = PBXFileReference; explicitFileType = wrapper.framework; includeInIndex = 0; path = Pods.framework; sourceTree = BUILT_PRODUCTS_DIR; };
		B95B17BA7525CA57F61545CA /* Pods.release.xcconfig */ = {isa = PBXFileReference; includeInIndex = 1; lastKnownFileType = text.xcconfig; name = Pods.release.xcconfig; path = "Pods/Target Support Files/Pods/Pods.release.xcconfig"; sourceTree = "<group>"; };
		CA2A50F51C8528AD000E2E94 /* Home Analitics1.png */ = {isa = PBXFileReference; lastKnownFileType = image.png; name = "Home Analitics1.png"; path = "images/Home/Home Analitics1.png"; sourceTree = "<group>"; };
		CA2A50F81C854225000E2E94 /* LoadingViewController.swift */ = {isa = PBXFileReference; fileEncoding = 4; lastKnownFileType = sourcecode.swift; path = LoadingViewController.swift; sourceTree = "<group>"; };
		CA8B11801C8687000039D8F3 /* Notifications.storyboard */ = {isa = PBXFileReference; fileEncoding = 4; lastKnownFileType = file.storyboard; path = Notifications.storyboard; sourceTree = "<group>"; };
		CA8B11821C869A230039D8F3 /* TutorWaitingViewController.swift */ = {isa = PBXFileReference; fileEncoding = 4; lastKnownFileType = sourcecode.swift; path = TutorWaitingViewController.swift; sourceTree = "<group>"; };
		CA8B11841C86A00B0039D8F3 /* Home Analitics2.png */ = {isa = PBXFileReference; lastKnownFileType = image.png; name = "Home Analitics2.png"; path = "images/Home/Home Analitics2.png"; sourceTree = "<group>"; };
		CAB102031C8442E600033929 /* logout.png */ = {isa = PBXFileReference; lastKnownFileType = image.png; name = logout.png; path = images/General/logout.png; sourceTree = "<group>"; };
		CAB102051C844FA500033929 /* user-pic.png */ = {isa = PBXFileReference; lastKnownFileType = image.png; name = "user-pic.png"; path = "images/Home/user-pic.png"; sourceTree = "<group>"; };
		CAC137BA1C854F6400586487 /* Settings.storyboard */ = {isa = PBXFileReference; fileEncoding = 4; lastKnownFileType = file.storyboard; path = Settings.storyboard; sourceTree = "<group>"; };
		CAC137BC1C8552A000586487 /* Profile.storyboard */ = {isa = PBXFileReference; fileEncoding = 4; lastKnownFileType = file.storyboard; path = Profile.storyboard; sourceTree = "<group>"; };
		CAC137BE1C85538D00586487 /* History.storyboard */ = {isa = PBXFileReference; fileEncoding = 4; lastKnownFileType = file.storyboard; path = History.storyboard; sourceTree = "<group>"; };
		CAC137C31C85548B00586487 /* Base */ = {isa = PBXFileReference; lastKnownFileType = file.storyboard; name = Base; path = Base.lproj/Main.storyboard; sourceTree = "<group>"; };
		CAC137C51C85567A00586487 /* SignOn.storyboard */ = {isa = PBXFileReference; fileEncoding = 4; lastKnownFileType = file.storyboard; path = SignOn.storyboard; sourceTree = "<group>"; };
		CAC137C71C8557ED00586487 /* Home.storyboard */ = {isa = PBXFileReference; fileEncoding = 4; lastKnownFileType = file.storyboard; path = Home.storyboard; sourceTree = "<group>"; };
		CAC137CA1C855D8E00586487 /* History Example.png */ = {isa = PBXFileReference; lastKnownFileType = image.png; name = "History Example.png"; path = "images/History/History Example.png"; sourceTree = "<group>"; };
		CAC137CB1C855D8E00586487 /* HistoryExample.png */ = {isa = PBXFileReference; lastKnownFileType = image.png; name = HistoryExample.png; path = images/History/HistoryExample.png; sourceTree = "<group>"; };
		CAC137CC1C855D8E00586487 /* Location.png */ = {isa = PBXFileReference; lastKnownFileType = image.png; name = Location.png; path = images/History/Location.png; sourceTree = "<group>"; };
		CAC137CD1C855D8E00586487 /* user1.png */ = {isa = PBXFileReference; lastKnownFileType = image.png; name = user1.png; path = images/History/user1.png; sourceTree = "<group>"; };
		CAC137CE1C855D8E00586487 /* user2.png */ = {isa = PBXFileReference; lastKnownFileType = image.png; name = user2.png; path = images/History/user2.png; sourceTree = "<group>"; };
		CAC137CF1C855D8E00586487 /* user3.png */ = {isa = PBXFileReference; lastKnownFileType = image.png; name = user3.png; path = images/History/user3.png; sourceTree = "<group>"; };
		CAC482551C83D92600059FDD /* HistoryTabIcon_Black.png */ = {isa = PBXFileReference; lastKnownFileType = image.png; name = HistoryTabIcon_Black.png; path = "images/Tab Icons/HistoryTabIcon_Black.png"; sourceTree = "<group>"; };
		CAC482571C83D92600059FDD /* HomeTabIcon_Black.png */ = {isa = PBXFileReference; lastKnownFileType = image.png; name = HomeTabIcon_Black.png; path = "images/Tab Icons/HomeTabIcon_Black.png"; sourceTree = "<group>"; };
		CAC482591C83D92600059FDD /* NotificationsTabIcon_Black.png */ = {isa = PBXFileReference; lastKnownFileType = image.png; name = NotificationsTabIcon_Black.png; path = "images/Tab Icons/NotificationsTabIcon_Black.png"; sourceTree = "<group>"; };
		CAC4825B1C83D92600059FDD /* ProfileTabIcon_Black.png */ = {isa = PBXFileReference; lastKnownFileType = image.png; name = ProfileTabIcon_Black.png; path = "images/Tab Icons/ProfileTabIcon_Black.png"; sourceTree = "<group>"; };
		CAC4825D1C83D92600059FDD /* SettingsTabIcon_Black.png */ = {isa = PBXFileReference; lastKnownFileType = image.png; name = SettingsTabIcon_Black.png; path = "images/Tab Icons/SettingsTabIcon_Black.png"; sourceTree = "<group>"; };
		CAC4826D1C83F49A00059FDD /* SEGOEUIB.TTF */ = {isa = PBXFileReference; lastKnownFileType = file; name = SEGOEUIB.TTF; path = "fonts/segoe-ui/SEGOEUIB.TTF"; sourceTree = "<group>"; };
		CAC4826E1C83F49A00059FDD /* segoeuii.ttf */ = {isa = PBXFileReference; lastKnownFileType = file; name = segoeuii.ttf; path = "fonts/segoe-ui/segoeuii.ttf"; sourceTree = "<group>"; };
		CAC4826F1C83F49A00059FDD /* SEGOEUIZ.TTF */ = {isa = PBXFileReference; lastKnownFileType = file; name = SEGOEUIZ.TTF; path = "fonts/segoe-ui/SEGOEUIZ.TTF"; sourceTree = "<group>"; };
		CAC482741C83F4A900059FDD /* Maiandra GD Regular.ttf */ = {isa = PBXFileReference; lastKnownFileType = file; name = "Maiandra GD Regular.ttf"; path = "fonts/Maiandra GD Regular/Maiandra GD Regular.ttf"; sourceTree = "<group>"; };
		CAC482761C83F85A00059FDD /* HistoryTabIcon_Teal.png */ = {isa = PBXFileReference; lastKnownFileType = image.png; name = HistoryTabIcon_Teal.png; path = "images/Tab Icons/HistoryTabIcon_Teal.png"; sourceTree = "<group>"; };
		CAC482771C83F85A00059FDD /* HomeTabIcon_Teal.png */ = {isa = PBXFileReference; lastKnownFileType = image.png; name = HomeTabIcon_Teal.png; path = "images/Tab Icons/HomeTabIcon_Teal.png"; sourceTree = "<group>"; };
		CAC482781C83F85A00059FDD /* NotificationsTabIcon_Teal.png */ = {isa = PBXFileReference; lastKnownFileType = image.png; name = NotificationsTabIcon_Teal.png; path = "images/Tab Icons/NotificationsTabIcon_Teal.png"; sourceTree = "<group>"; };
		CAC482791C83F85A00059FDD /* ProfileTabIcon_Teal.png */ = {isa = PBXFileReference; lastKnownFileType = image.png; name = ProfileTabIcon_Teal.png; path = "images/Tab Icons/ProfileTabIcon_Teal.png"; sourceTree = "<group>"; };
		CAC4827A1C83F85A00059FDD /* SettingsTabIcon_Teal.png */ = {isa = PBXFileReference; lastKnownFileType = image.png; name = SettingsTabIcon_Teal.png; path = "images/Tab Icons/SettingsTabIcon_Teal.png"; sourceTree = "<group>"; };
		CAC482831C83FEE500059FDD /* Base */ = {isa = PBXFileReference; lastKnownFileType = file; name = Base; path = Base.lproj/SEGOEUI.TTF; sourceTree = "<group>"; };
		CAC482851C84209E00059FDD /* Home Analitics.png */ = {isa = PBXFileReference; lastKnownFileType = image.png; name = "Home Analitics.png"; path = "images/Home/Home Analitics.png"; sourceTree = "<group>"; };
		CAC482861C84209E00059FDD /* Home-Item1.png */ = {isa = PBXFileReference; lastKnownFileType = image.png; name = "Home-Item1.png"; path = "images/Home/Home-Item1.png"; sourceTree = "<group>"; };
		CAC482871C84209E00059FDD /* Home-Item2.png */ = {isa = PBXFileReference; lastKnownFileType = image.png; name = "Home-Item2.png"; path = "images/Home/Home-Item2.png"; sourceTree = "<group>"; };
		CADD3C3F1C7E46030085F014 /* todo.app */ = {isa = PBXFileReference; explicitFileType = wrapper.application; includeInIndex = 0; path = todo.app; sourceTree = BUILT_PRODUCTS_DIR; };
		CADD3C421C7E46030085F014 /* AppDelegate.swift */ = {isa = PBXFileReference; lastKnownFileType = sourcecode.swift; path = AppDelegate.swift; sourceTree = "<group>"; };
		CADD3C441C7E46030085F014 /* SignInOnViewController.swift */ = {isa = PBXFileReference; lastKnownFileType = sourcecode.swift; path = SignInOnViewController.swift; sourceTree = "<group>"; };
		CADD3C491C7E46030085F014 /* Assets.xcassets */ = {isa = PBXFileReference; lastKnownFileType = folder.assetcatalog; path = Assets.xcassets; sourceTree = "<group>"; };
		CADD3C4C1C7E46030085F014 /* Base */ = {isa = PBXFileReference; lastKnownFileType = file.storyboard; name = Base; path = Base.lproj/LaunchScreen.storyboard; sourceTree = "<group>"; };
		CADD3C4E1C7E46030085F014 /* Info.plist */ = {isa = PBXFileReference; lastKnownFileType = text.plist.xml; path = Info.plist; sourceTree = "<group>"; };
		CADD3C531C7E46030085F014 /* todoTests.xctest */ = {isa = PBXFileReference; explicitFileType = wrapper.cfbundle; includeInIndex = 0; path = todoTests.xctest; sourceTree = BUILT_PRODUCTS_DIR; };
		CADD3C571C7E46030085F014 /* todoTests.swift */ = {isa = PBXFileReference; lastKnownFileType = sourcecode.swift; path = todoTests.swift; sourceTree = "<group>"; };
		CADD3C591C7E46030085F014 /* Info.plist */ = {isa = PBXFileReference; lastKnownFileType = text.plist.xml; path = Info.plist; sourceTree = "<group>"; };
		CADD3C5E1C7E46030085F014 /* todoUITests.xctest */ = {isa = PBXFileReference; explicitFileType = wrapper.cfbundle; includeInIndex = 0; path = todoUITests.xctest; sourceTree = BUILT_PRODUCTS_DIR; };
		CADD3C621C7E46030085F014 /* todoUITests.swift */ = {isa = PBXFileReference; lastKnownFileType = sourcecode.swift; path = todoUITests.swift; sourceTree = "<group>"; };
		CADD3C641C7E46030085F014 /* Info.plist */ = {isa = PBXFileReference; lastKnownFileType = text.plist.xml; path = Info.plist; sourceTree = "<group>"; };
		CADD3C711C7E4ED70085F014 /* xlarge_building1.jpg */ = {isa = PBXFileReference; lastKnownFileType = image.jpeg; name = xlarge_building1.jpg; path = images/xlarge_building1.jpg; sourceTree = "<group>"; };
		D5618CBE1DE39FAE33E6B2AE /* Pods.debug.xcconfig */ = {isa = PBXFileReference; includeInIndex = 1; lastKnownFileType = text.xcconfig; name = Pods.debug.xcconfig; path = "Pods/Target Support Files/Pods/Pods.debug.xcconfig"; sourceTree = "<group>"; };
/* End PBXFileReference section */

/* Begin PBXFrameworksBuildPhase section */
		CADD3C3C1C7E46030085F014 /* Frameworks */ = {
			isa = PBXFrameworksBuildPhase;
			buildActionMask = 2147483647;
			files = (
				C477A84576E3A26F2C5FCC88 /* Pods.framework in Frameworks */,
			);
			runOnlyForDeploymentPostprocessing = 0;
		};
		CADD3C501C7E46030085F014 /* Frameworks */ = {
			isa = PBXFrameworksBuildPhase;
			buildActionMask = 2147483647;
			files = (
			);
			runOnlyForDeploymentPostprocessing = 0;
		};
		CADD3C5B1C7E46030085F014 /* Frameworks */ = {
			isa = PBXFrameworksBuildPhase;
			buildActionMask = 2147483647;
			files = (
			);
			runOnlyForDeploymentPostprocessing = 0;
		};
/* End PBXFrameworksBuildPhase section */

/* Begin PBXGroup section */
		0435DD611C85709C009D3245 /* Login */ = {
			isa = PBXGroup;
			children = (
				04B6C3201C85786C00BA7882 /* TodoSlogan_LightGray.png */,
				0435DD681C857152009D3245 /* LoginButton2.png */,
				0435DD691C857152009D3245 /* LoginScreenBg2.jpg */,
				0435DD6A1C857152009D3245 /* SignUpButton2.png */,
			);
			name = Login;
			sourceTree = "<group>";
		};
		04B6C3261C865E6E00BA7882 /* Profile */ = {
			isa = PBXGroup;
			children = (
				04B6C3371C86787500BA7882 /* FrequentActivity_Profile.png */,
				04B6C3381C86787500BA7882 /* MinimalActivity_Profile.png */,
				04B6C3351C86784200BA7882 /* ModerateActivity_Profile.png */,
				04B6C32B1C865F4000BA7882 /* StudentProfileTestPhoto.png */,
				04B6C33B1C86793500BA7882 /* EmailButton_Profile.png */,
				04B6C3271C865E7800BA7882 /* DotsBalance_Profile.png */,
			);
			name = Profile;
			sourceTree = "<group>";
		};
		41835B598CA1DFBFD73BBDF5 /* Pods */ = {
			isa = PBXGroup;
			children = (
				D5618CBE1DE39FAE33E6B2AE /* Pods.debug.xcconfig */,
				B95B17BA7525CA57F61545CA /* Pods.release.xcconfig */,
			);
			name = Pods;
			sourceTree = "<group>";
		};
		8782F70B1C8D3EE300922859 /* Storyboards */ = {
			isa = PBXGroup;
			children = (
				CADD3C4B1C7E46030085F014 /* LaunchScreen.storyboard */,
				CAC137C21C85548B00586487 /* Main.storyboard */,
				CAC137C51C85567A00586487 /* SignOn.storyboard */,
				CAC137C71C8557ED00586487 /* Home.storyboard */,
				CAC137BE1C85538D00586487 /* History.storyboard */,
				CA8B11801C8687000039D8F3 /* Notifications.storyboard */,
				CAC137BC1C8552A000586487 /* Profile.storyboard */,
				CAC137BA1C854F6400586487 /* Settings.storyboard */,
			);
			name = Storyboards;
			sourceTree = "<group>";
		};
		8782F70C1C8D3F3600922859 /* Notifications */ = {
			isa = PBXGroup;
			children = (
				8780982C1C86C072005DDE9E /* RequestPoolTableViewController.swift */,
				8780982E1C86C14C005DDE9E /* RequestPoolTableViewCell.swift */,
				04B6C33D1C86806F00BA7882 /* StandardNotificationTableViewCell.swift */,
				04B6C33F1C8681EF00BA7882 /* RequestNotificationTableViewCell.swift */,
				04B6C3411C86825F00BA7882 /* Notification.swift */,
				04B6C3431C8682EB00BA7882 /* NotificationsTableViewController.swift */,
			);
			name = Notifications;
			sourceTree = "<group>";
		};
		CA2A50F71C8533BC000E2E94 /* History */ = {
			isa = PBXGroup;
			children = (
				CAC137CA1C855D8E00586487 /* History Example.png */,
				CAC137CB1C855D8E00586487 /* HistoryExample.png */,
				CAC137CC1C855D8E00586487 /* Location.png */,
				CAC137CD1C855D8E00586487 /* user1.png */,
				CAC137CE1C855D8E00586487 /* user2.png */,
				CAC137CF1C855D8E00586487 /* user3.png */,
			);
			name = History;
			sourceTree = "<group>";
		};
		CAB102021C8442D400033929 /* General */ = {
			isa = PBXGroup;
			children = (
				8780982A1C86BF88005DDE9E /* LocationIcon.png */,
				04B6C3211C85786C00BA7882 /* TodoLogo_Teal.png */,
				04B6C3221C85786C00BA7882 /* TodoLogo_White.png */,
				CAB102031C8442E600033929 /* logout.png */,
			);
			name = General;
			sourceTree = "<group>";
		};
		CAC482541C83D90B00059FDD /* Tab Icons */ = {
			isa = PBXGroup;
			children = (
				CADD3C711C7E4ED70085F014 /* xlarge_building1.jpg */,
				CAC482761C83F85A00059FDD /* HistoryTabIcon_Teal.png */,
				CAC482771C83F85A00059FDD /* HomeTabIcon_Teal.png */,
				CAC482781C83F85A00059FDD /* NotificationsTabIcon_Teal.png */,
				CAC482791C83F85A00059FDD /* ProfileTabIcon_Teal.png */,
				CAC4827A1C83F85A00059FDD /* SettingsTabIcon_Teal.png */,
				CAC482551C83D92600059FDD /* HistoryTabIcon_Black.png */,
				CAC482571C83D92600059FDD /* HomeTabIcon_Black.png */,
				CAC482591C83D92600059FDD /* NotificationsTabIcon_Black.png */,
				CAC4825B1C83D92600059FDD /* ProfileTabIcon_Black.png */,
				CAC4825D1C83D92600059FDD /* SettingsTabIcon_Black.png */,
			);
			name = "Tab Icons";
			sourceTree = "<group>";
		};
		CAC482691C83F44A00059FDD /* fonts */ = {
			isa = PBXGroup;
			children = (
				CAC4826B1C83F47300059FDD /* maiandra-gd */,
				CAC4826A1C83F45800059FDD /* segoe-ui */,
			);
			name = fonts;
			sourceTree = "<group>";
		};
		CAC4826A1C83F45800059FDD /* segoe-ui */ = {
			isa = PBXGroup;
			children = (
				CAC482821C83FED800059FDD /* SEGOEUI.TTF */,
				CAC4826D1C83F49A00059FDD /* SEGOEUIB.TTF */,
				CAC4826E1C83F49A00059FDD /* segoeuii.ttf */,
				CAC4826F1C83F49A00059FDD /* SEGOEUIZ.TTF */,
			);
			name = "segoe-ui";
			sourceTree = "<group>";
		};
		CAC4826B1C83F47300059FDD /* maiandra-gd */ = {
			isa = PBXGroup;
			children = (
				CAC482741C83F4A900059FDD /* Maiandra GD Regular.ttf */,
			);
			name = "maiandra-gd";
			sourceTree = "<group>";
		};
		CAC482841C84208600059FDD /* Home */ = {
			isa = PBXGroup;
			children = (
				CA8B11841C86A00B0039D8F3 /* Home Analitics2.png */,
				CA2A50F51C8528AD000E2E94 /* Home Analitics1.png */,
				CAB102051C844FA500033929 /* user-pic.png */,
				CAC482851C84209E00059FDD /* Home Analitics.png */,
				CAC482861C84209E00059FDD /* Home-Item1.png */,
				CAC482871C84209E00059FDD /* Home-Item2.png */,
			);
			name = Home;
			sourceTree = "<group>";
		};
		CADD3C361C7E46020085F014 = {
			isa = PBXGroup;
			children = (
				CADD3C411C7E46030085F014 /* todo */,
				CADD3C561C7E46030085F014 /* todoTests */,
				CADD3C611C7E46030085F014 /* todoUITests */,
				CADD3C401C7E46030085F014 /* Products */,
				41835B598CA1DFBFD73BBDF5 /* Pods */,
				DA1A7DCB3A8DFFF3FFA0E2FA /* Frameworks */,
			);
			sourceTree = "<group>";
		};
		CADD3C401C7E46030085F014 /* Products */ = {
			isa = PBXGroup;
			children = (
				CADD3C3F1C7E46030085F014 /* todo.app */,
				CADD3C531C7E46030085F014 /* todoTests.xctest */,
				CADD3C5E1C7E46030085F014 /* todoUITests.xctest */,
			);
			name = Products;
			sourceTree = "<group>";
		};
		CADD3C411C7E46030085F014 /* todo */ = {
			isa = PBXGroup;
			children = (
				8782F70C1C8D3F3600922859 /* Notifications */,
				8782F70B1C8D3EE300922859 /* Storyboards */,
				CADD3C701C7E4E7B0085F014 /* images */,
				CAC482691C83F44A00059FDD /* fonts */,
				CADD3C491C7E46030085F014 /* Assets.xcassets */,
				CADD3C421C7E46030085F014 /* AppDelegate.swift */,
				CADD3C441C7E46030085F014 /* SignInOnViewController.swift */,
				CA2A50F81C854225000E2E94 /* LoadingViewController.swift */,
				CA8B11821C869A230039D8F3 /* TutorWaitingViewController.swift */,
				04B6C3331C866A0600BA7882 /* ProfileViewController.swift */,
				CADD3C4E1C7E46030085F014 /* Info.plist */,
				878098301C86C21A005DDE9E /* TutoringRequest.swift */,
				8782F7091C8D3E4300922859 /* User.swift */,
				8782F70D1C8D406700922859 /* SignUpViewController.swift */,
				8782F7101C8D457100922859 /* RegistrationTableViewCell.swift */,
			);
			path = todo;
			sourceTree = "<group>";
		};
		CADD3C561C7E46030085F014 /* todoTests */ = {
			isa = PBXGroup;
			children = (
				CADD3C571C7E46030085F014 /* todoTests.swift */,
				CADD3C591C7E46030085F014 /* Info.plist */,
			);
			path = todoTests;
			sourceTree = "<group>";
		};
		CADD3C611C7E46030085F014 /* todoUITests */ = {
			isa = PBXGroup;
			children = (
				CADD3C621C7E46030085F014 /* todoUITests.swift */,
				CADD3C641C7E46030085F014 /* Info.plist */,
			);
			path = todoUITests;
			sourceTree = "<group>";
		};
		CADD3C701C7E4E7B0085F014 /* images */ = {
			isa = PBXGroup;
			children = (
				04B6C3261C865E6E00BA7882 /* Profile */,
				0435DD611C85709C009D3245 /* Login */,
				CA2A50F71C8533BC000E2E94 /* History */,
				CAB102021C8442D400033929 /* General */,
				CAC482841C84208600059FDD /* Home */,
				CAC482541C83D90B00059FDD /* Tab Icons */,
			);
			name = images;
			sourceTree = "<group>";
		};
		DA1A7DCB3A8DFFF3FFA0E2FA /* Frameworks */ = {
			isa = PBXGroup;
			children = (
				8C38DF7D0F490F56A7AA3F93 /* Pods.framework */,
			);
			name = Frameworks;
			sourceTree = "<group>";
		};
/* End PBXGroup section */

/* Begin PBXNativeTarget section */
		CADD3C3E1C7E46030085F014 /* todo */ = {
			isa = PBXNativeTarget;
			buildConfigurationList = CADD3C671C7E46030085F014 /* Build configuration list for PBXNativeTarget "todo" */;
			buildPhases = (
				8DD35B263C99900ABE1754B7 /* Check Pods Manifest.lock */,
				CADD3C3B1C7E46030085F014 /* Sources */,
				CADD3C3C1C7E46030085F014 /* Frameworks */,
				CADD3C3D1C7E46030085F014 /* Resources */,
				BB9ED2FA4D7810A618651D65 /* Embed Pods Frameworks */,
				6DBEDA66C4F3DF87C7350062 /* Copy Pods Resources */,
			);
			buildRules = (
			);
			dependencies = (
			);
			name = todo;
			productName = todo;
			productReference = CADD3C3F1C7E46030085F014 /* todo.app */;
			productType = "com.apple.product-type.application";
		};
		CADD3C521C7E46030085F014 /* todoTests */ = {
			isa = PBXNativeTarget;
			buildConfigurationList = CADD3C6A1C7E46030085F014 /* Build configuration list for PBXNativeTarget "todoTests" */;
			buildPhases = (
				CADD3C4F1C7E46030085F014 /* Sources */,
				CADD3C501C7E46030085F014 /* Frameworks */,
				CADD3C511C7E46030085F014 /* Resources */,
			);
			buildRules = (
			);
			dependencies = (
				CADD3C551C7E46030085F014 /* PBXTargetDependency */,
			);
			name = todoTests;
			productName = todoTests;
			productReference = CADD3C531C7E46030085F014 /* todoTests.xctest */;
			productType = "com.apple.product-type.bundle.unit-test";
		};
		CADD3C5D1C7E46030085F014 /* todoUITests */ = {
			isa = PBXNativeTarget;
			buildConfigurationList = CADD3C6D1C7E46030085F014 /* Build configuration list for PBXNativeTarget "todoUITests" */;
			buildPhases = (
				CADD3C5A1C7E46030085F014 /* Sources */,
				CADD3C5B1C7E46030085F014 /* Frameworks */,
				CADD3C5C1C7E46030085F014 /* Resources */,
			);
			buildRules = (
			);
			dependencies = (
				CADD3C601C7E46030085F014 /* PBXTargetDependency */,
			);
			name = todoUITests;
			productName = todoUITests;
			productReference = CADD3C5E1C7E46030085F014 /* todoUITests.xctest */;
			productType = "com.apple.product-type.bundle.ui-testing";
		};
/* End PBXNativeTarget section */

/* Begin PBXProject section */
		CADD3C371C7E46030085F014 /* Project object */ = {
			isa = PBXProject;
			attributes = {
				LastSwiftUpdateCheck = 0720;
				LastUpgradeCheck = 0720;
				ORGANIZATIONNAME = cs378;
				TargetAttributes = {
					CADD3C3E1C7E46030085F014 = {
						CreatedOnToolsVersion = 7.2.1;
						DevelopmentTeam = 8YWW2795B4;
					};
					CADD3C521C7E46030085F014 = {
						CreatedOnToolsVersion = 7.2.1;
						DevelopmentTeam = 8YWW2795B4;
						TestTargetID = CADD3C3E1C7E46030085F014;
					};
					CADD3C5D1C7E46030085F014 = {
						CreatedOnToolsVersion = 7.2.1;
						DevelopmentTeam = 8YWW2795B4;
						TestTargetID = CADD3C3E1C7E46030085F014;
					};
				};
			};
			buildConfigurationList = CADD3C3A1C7E46030085F014 /* Build configuration list for PBXProject "todo" */;
			compatibilityVersion = "Xcode 3.2";
			developmentRegion = English;
			hasScannedForEncodings = 0;
			knownRegions = (
				en,
				Base,
			);
			mainGroup = CADD3C361C7E46020085F014;
			productRefGroup = CADD3C401C7E46030085F014 /* Products */;
			projectDirPath = "";
			projectRoot = "";
			targets = (
				CADD3C3E1C7E46030085F014 /* todo */,
				CADD3C521C7E46030085F014 /* todoTests */,
				CADD3C5D1C7E46030085F014 /* todoUITests */,
			);
		};
/* End PBXProject section */

/* Begin PBXResourcesBuildPhase section */
		CADD3C3D1C7E46030085F014 /* Resources */ = {
			isa = PBXResourcesBuildPhase;
			buildActionMask = 2147483647;
			files = (
				CAC137D31C855D8E00586487 /* user1.png in Resources */,
				CA8B11851C86A00B0039D8F3 /* Home Analitics2.png in Resources */,
				CADD3C721C7E4ED70085F014 /* xlarge_building1.jpg in Resources */,
				CAB102041C8442E600033929 /* logout.png in Resources */,
				0435DD6C1C857152009D3245 /* LoginScreenBg2.jpg in Resources */,
				CAC482611C83D92600059FDD /* HomeTabIcon_Black.png in Resources */,
				0435DD6B1C857152009D3245 /* LoginButton2.png in Resources */,
				04B6C3361C86784200BA7882 /* ModerateActivity_Profile.png in Resources */,
				CAC482631C83D92600059FDD /* NotificationsTabIcon_Black.png in Resources */,
				CAC137D01C855D8E00586487 /* History Example.png in Resources */,
				CAC137D51C855D8E00586487 /* user3.png in Resources */,
				04B6C33C1C86793500BA7882 /* EmailButton_Profile.png in Resources */,
				CAC137C81C8557ED00586487 /* Home.storyboard in Resources */,
				CAC482651C83D92600059FDD /* ProfileTabIcon_Black.png in Resources */,
				CAC4827B1C83F85A00059FDD /* HistoryTabIcon_Teal.png in Resources */,
				CAC137C61C85567A00586487 /* SignOn.storyboard in Resources */,
				CAC137BD1C8552A000586487 /* Profile.storyboard in Resources */,
				04B6C3291C865E7800BA7882 /* DotsBalance_Profile.png in Resources */,
				CAC4827C1C83F85A00059FDD /* HomeTabIcon_Teal.png in Resources */,
				CAB102061C844FA500033929 /* user-pic.png in Resources */,
				04B6C3231C85786C00BA7882 /* TodoSlogan_LightGray.png in Resources */,
				CAC482721C83F49A00059FDD /* segoeuii.ttf in Resources */,
				CAC482751C83F4A900059FDD /* Maiandra GD Regular.ttf in Resources */,
				CAC137D21C855D8E00586487 /* Location.png in Resources */,
				04B6C3391C86787500BA7882 /* FrequentActivity_Profile.png in Resources */,
				04B6C3241C85786C00BA7882 /* TodoLogo_Teal.png in Resources */,
				CADD3C4D1C7E46030085F014 /* LaunchScreen.storyboard in Resources */,
				CAC137BB1C854F6400586487 /* Settings.storyboard in Resources */,
				8780982B1C86BF88005DDE9E /* LocationIcon.png in Resources */,
				CAC482801C83FED800059FDD /* SEGOEUI.TTF in Resources */,
				CA2A50F61C8528AD000E2E94 /* Home Analitics1.png in Resources */,
				0435DD6D1C857152009D3245 /* SignUpButton2.png in Resources */,
				CAC4825F1C83D92600059FDD /* HistoryTabIcon_Black.png in Resources */,
				04B6C3251C85786C00BA7882 /* TodoLogo_White.png in Resources */,
				CAC482711C83F49A00059FDD /* SEGOEUIB.TTF in Resources */,
				CADD3C4A1C7E46030085F014 /* Assets.xcassets in Resources */,
				04B6C33A1C86787500BA7882 /* MinimalActivity_Profile.png in Resources */,
				CAC482731C83F49A00059FDD /* SEGOEUIZ.TTF in Resources */,
				CAC4828A1C84209E00059FDD /* Home-Item2.png in Resources */,
				CAC137D11C855D8E00586487 /* HistoryExample.png in Resources */,
				CAC4827E1C83F85A00059FDD /* ProfileTabIcon_Teal.png in Resources */,
				CA8B11811C8687000039D8F3 /* Notifications.storyboard in Resources */,
				CAC482671C83D92600059FDD /* SettingsTabIcon_Black.png in Resources */,
				CAC4827F1C83F85A00059FDD /* SettingsTabIcon_Teal.png in Resources */,
				CAC137C41C85548B00586487 /* Main.storyboard in Resources */,
				CAC137BF1C85538D00586487 /* History.storyboard in Resources */,
				CAC482881C84209E00059FDD /* Home Analitics.png in Resources */,
				04B6C32C1C865F4000BA7882 /* StudentProfileTestPhoto.png in Resources */,
				CAC137D41C855D8E00586487 /* user2.png in Resources */,
				CAC4827D1C83F85A00059FDD /* NotificationsTabIcon_Teal.png in Resources */,
				CAC482891C84209E00059FDD /* Home-Item1.png in Resources */,
			);
			runOnlyForDeploymentPostprocessing = 0;
		};
		CADD3C511C7E46030085F014 /* Resources */ = {
			isa = PBXResourcesBuildPhase;
			buildActionMask = 2147483647;
			files = (
			);
			runOnlyForDeploymentPostprocessing = 0;
		};
		CADD3C5C1C7E46030085F014 /* Resources */ = {
			isa = PBXResourcesBuildPhase;
			buildActionMask = 2147483647;
			files = (
			);
			runOnlyForDeploymentPostprocessing = 0;
		};
/* End PBXResourcesBuildPhase section */

/* Begin PBXShellScriptBuildPhase section */
		6DBEDA66C4F3DF87C7350062 /* Copy Pods Resources */ = {
			isa = PBXShellScriptBuildPhase;
			buildActionMask = 2147483647;
			files = (
			);
			inputPaths = (
			);
			name = "Copy Pods Resources";
			outputPaths = (
			);
			runOnlyForDeploymentPostprocessing = 0;
			shellPath = /bin/sh;
			shellScript = "\"${SRCROOT}/Pods/Target Support Files/Pods/Pods-resources.sh\"\n";
			showEnvVarsInLog = 0;
		};
		8DD35B263C99900ABE1754B7 /* Check Pods Manifest.lock */ = {
			isa = PBXShellScriptBuildPhase;
			buildActionMask = 2147483647;
			files = (
			);
			inputPaths = (
			);
			name = "Check Pods Manifest.lock";
			outputPaths = (
			);
			runOnlyForDeploymentPostprocessing = 0;
			shellPath = /bin/sh;
			shellScript = "diff \"${PODS_ROOT}/../Podfile.lock\" \"${PODS_ROOT}/Manifest.lock\" > /dev/null\nif [[ $? != 0 ]] ; then\n    cat << EOM\nerror: The sandbox is not in sync with the Podfile.lock. Run 'pod install' or update your CocoaPods installation.\nEOM\n    exit 1\nfi\n";
			showEnvVarsInLog = 0;
		};
		BB9ED2FA4D7810A618651D65 /* Embed Pods Frameworks */ = {
			isa = PBXShellScriptBuildPhase;
			buildActionMask = 2147483647;
			files = (
			);
			inputPaths = (
			);
			name = "Embed Pods Frameworks";
			outputPaths = (
			);
			runOnlyForDeploymentPostprocessing = 0;
			shellPath = /bin/sh;
			shellScript = "\"${SRCROOT}/Pods/Target Support Files/Pods/Pods-frameworks.sh\"\n";
			showEnvVarsInLog = 0;
		};
/* End PBXShellScriptBuildPhase section */

/* Begin PBXSourcesBuildPhase section */
		CADD3C3B1C7E46030085F014 /* Sources */ = {
			isa = PBXSourcesBuildPhase;
			buildActionMask = 2147483647;
			files = (
				8782F70A1C8D3E4300922859 /* User.swift in Sources */,
				CADD3C451C7E46030085F014 /* SignInOnViewController.swift in Sources */,
				878098311C86C21A005DDE9E /* TutoringRequest.swift in Sources */,
				04B6C33E1C86806F00BA7882 /* StandardNotificationTableViewCell.swift in Sources */,
				04B6C3441C8682EB00BA7882 /* NotificationsTableViewController.swift in Sources */,
				8780982F1C86C14C005DDE9E /* RequestPoolTableViewCell.swift in Sources */,
				CADD3C431C7E46030085F014 /* AppDelegate.swift in Sources */,
				04B6C3421C86825F00BA7882 /* Notification.swift in Sources */,
				8782F70E1C8D406700922859 /* SignUpViewController.swift in Sources */,
				04B6C3341C866A0600BA7882 /* ProfileViewController.swift in Sources */,
				04B6C3401C8681EF00BA7882 /* RequestNotificationTableViewCell.swift in Sources */,
				CA8B11831C869A230039D8F3 /* TutorWaitingViewController.swift in Sources */,
				CA2A50F91C854225000E2E94 /* LoadingViewController.swift in Sources */,
				8782F7111C8D457100922859 /* RegistrationTableViewCell.swift in Sources */,
				8780982D1C86C072005DDE9E /* RequestPoolTableViewController.swift in Sources */,
			);
			runOnlyForDeploymentPostprocessing = 0;
		};
		CADD3C4F1C7E46030085F014 /* Sources */ = {
			isa = PBXSourcesBuildPhase;
			buildActionMask = 2147483647;
			files = (
				CADD3C581C7E46030085F014 /* todoTests.swift in Sources */,
			);
			runOnlyForDeploymentPostprocessing = 0;
		};
		CADD3C5A1C7E46030085F014 /* Sources */ = {
			isa = PBXSourcesBuildPhase;
			buildActionMask = 2147483647;
			files = (
				CADD3C631C7E46030085F014 /* todoUITests.swift in Sources */,
			);
			runOnlyForDeploymentPostprocessing = 0;
		};
/* End PBXSourcesBuildPhase section */

/* Begin PBXTargetDependency section */
		CADD3C551C7E46030085F014 /* PBXTargetDependency */ = {
			isa = PBXTargetDependency;
			target = CADD3C3E1C7E46030085F014 /* todo */;
			targetProxy = CADD3C541C7E46030085F014 /* PBXContainerItemProxy */;
		};
		CADD3C601C7E46030085F014 /* PBXTargetDependency */ = {
			isa = PBXTargetDependency;
			target = CADD3C3E1C7E46030085F014 /* todo */;
			targetProxy = CADD3C5F1C7E46030085F014 /* PBXContainerItemProxy */;
		};
/* End PBXTargetDependency section */

/* Begin PBXVariantGroup section */
		CAC137C21C85548B00586487 /* Main.storyboard */ = {
			isa = PBXVariantGroup;
			children = (
				CAC137C31C85548B00586487 /* Base */,
			);
			name = Main.storyboard;
			sourceTree = "<group>";
		};
		CAC482821C83FED800059FDD /* SEGOEUI.TTF */ = {
			isa = PBXVariantGroup;
			children = (
				CAC482831C83FEE500059FDD /* Base */,
			);
			name = SEGOEUI.TTF;
			path = "fonts/segoe-ui";
			sourceTree = "<group>";
		};
		CADD3C4B1C7E46030085F014 /* LaunchScreen.storyboard */ = {
			isa = PBXVariantGroup;
			children = (
				CADD3C4C1C7E46030085F014 /* Base */,
			);
			name = LaunchScreen.storyboard;
			sourceTree = "<group>";
		};
/* End PBXVariantGroup section */

/* Begin XCBuildConfiguration section */
		CADD3C651C7E46030085F014 /* Debug */ = {
			isa = XCBuildConfiguration;
			buildSettings = {
				ALWAYS_SEARCH_USER_PATHS = NO;
				CLANG_CXX_LANGUAGE_STANDARD = "gnu++0x";
				CLANG_CXX_LIBRARY = "libc++";
				CLANG_ENABLE_MODULES = YES;
				CLANG_ENABLE_OBJC_ARC = YES;
				CLANG_WARN_BOOL_CONVERSION = YES;
				CLANG_WARN_CONSTANT_CONVERSION = YES;
				CLANG_WARN_DIRECT_OBJC_ISA_USAGE = YES_ERROR;
				CLANG_WARN_EMPTY_BODY = YES;
				CLANG_WARN_ENUM_CONVERSION = YES;
				CLANG_WARN_INT_CONVERSION = YES;
				CLANG_WARN_OBJC_ROOT_CLASS = YES_ERROR;
				CLANG_WARN_UNREACHABLE_CODE = YES;
				CLANG_WARN__DUPLICATE_METHOD_MATCH = YES;
				"CODE_SIGN_IDENTITY[sdk=iphoneos*]" = "iPhone Developer";
				COPY_PHASE_STRIP = NO;
				DEBUG_INFORMATION_FORMAT = dwarf;
				ENABLE_STRICT_OBJC_MSGSEND = YES;
				ENABLE_TESTABILITY = YES;
				GCC_C_LANGUAGE_STANDARD = gnu99;
				GCC_DYNAMIC_NO_PIC = NO;
				GCC_NO_COMMON_BLOCKS = YES;
				GCC_OPTIMIZATION_LEVEL = 0;
				GCC_PREPROCESSOR_DEFINITIONS = (
					"DEBUG=1",
					"$(inherited)",
				);
				GCC_WARN_64_TO_32_BIT_CONVERSION = YES;
				GCC_WARN_ABOUT_RETURN_TYPE = YES_ERROR;
				GCC_WARN_UNDECLARED_SELECTOR = YES;
				GCC_WARN_UNINITIALIZED_AUTOS = YES_AGGRESSIVE;
				GCC_WARN_UNUSED_FUNCTION = YES;
				GCC_WARN_UNUSED_VARIABLE = YES;
				IPHONEOS_DEPLOYMENT_TARGET = 9.2;
				MTL_ENABLE_DEBUG_INFO = YES;
				ONLY_ACTIVE_ARCH = YES;
				SDKROOT = iphoneos;
				SWIFT_OPTIMIZATION_LEVEL = "-Onone";
				TARGETED_DEVICE_FAMILY = "1,2";
			};
			name = Debug;
		};
		CADD3C661C7E46030085F014 /* Release */ = {
			isa = XCBuildConfiguration;
			buildSettings = {
				ALWAYS_SEARCH_USER_PATHS = NO;
				CLANG_CXX_LANGUAGE_STANDARD = "gnu++0x";
				CLANG_CXX_LIBRARY = "libc++";
				CLANG_ENABLE_MODULES = YES;
				CLANG_ENABLE_OBJC_ARC = YES;
				CLANG_WARN_BOOL_CONVERSION = YES;
				CLANG_WARN_CONSTANT_CONVERSION = YES;
				CLANG_WARN_DIRECT_OBJC_ISA_USAGE = YES_ERROR;
				CLANG_WARN_EMPTY_BODY = YES;
				CLANG_WARN_ENUM_CONVERSION = YES;
				CLANG_WARN_INT_CONVERSION = YES;
				CLANG_WARN_OBJC_ROOT_CLASS = YES_ERROR;
				CLANG_WARN_UNREACHABLE_CODE = YES;
				CLANG_WARN__DUPLICATE_METHOD_MATCH = YES;
				"CODE_SIGN_IDENTITY[sdk=iphoneos*]" = "iPhone Developer";
				COPY_PHASE_STRIP = NO;
				DEBUG_INFORMATION_FORMAT = "dwarf-with-dsym";
				ENABLE_NS_ASSERTIONS = NO;
				ENABLE_STRICT_OBJC_MSGSEND = YES;
				GCC_C_LANGUAGE_STANDARD = gnu99;
				GCC_NO_COMMON_BLOCKS = YES;
				GCC_WARN_64_TO_32_BIT_CONVERSION = YES;
				GCC_WARN_ABOUT_RETURN_TYPE = YES_ERROR;
				GCC_WARN_UNDECLARED_SELECTOR = YES;
				GCC_WARN_UNINITIALIZED_AUTOS = YES_AGGRESSIVE;
				GCC_WARN_UNUSED_FUNCTION = YES;
				GCC_WARN_UNUSED_VARIABLE = YES;
				IPHONEOS_DEPLOYMENT_TARGET = 9.2;
				MTL_ENABLE_DEBUG_INFO = NO;
				SDKROOT = iphoneos;
				TARGETED_DEVICE_FAMILY = "1,2";
				VALIDATE_PRODUCT = YES;
			};
			name = Release;
		};
		CADD3C681C7E46030085F014 /* Debug */ = {
			isa = XCBuildConfiguration;
			baseConfigurationReference = D5618CBE1DE39FAE33E6B2AE /* Pods.debug.xcconfig */;
			buildSettings = {
				ASSETCATALOG_COMPILER_APPICON_NAME = AppIcon;
				INFOPLIST_FILE = todo/Info.plist;
				LD_RUNPATH_SEARCH_PATHS = "$(inherited) @executable_path/Frameworks";
				PRODUCT_BUNDLE_IDENTIFIER = "compact-cs378.todo";
				PRODUCT_NAME = "$(TARGET_NAME)";
			};
			name = Debug;
		};
		CADD3C691C7E46030085F014 /* Release */ = {
			isa = XCBuildConfiguration;
			baseConfigurationReference = B95B17BA7525CA57F61545CA /* Pods.release.xcconfig */;
			buildSettings = {
				ASSETCATALOG_COMPILER_APPICON_NAME = AppIcon;
				INFOPLIST_FILE = todo/Info.plist;
				LD_RUNPATH_SEARCH_PATHS = "$(inherited) @executable_path/Frameworks";
				PRODUCT_BUNDLE_IDENTIFIER = "compact-cs378.todo";
				PRODUCT_NAME = "$(TARGET_NAME)";
			};
			name = Release;
		};
		CADD3C6B1C7E46030085F014 /* Debug */ = {
			isa = XCBuildConfiguration;
			buildSettings = {
				BUNDLE_LOADER = "$(TEST_HOST)";
				INFOPLIST_FILE = todoTests/Info.plist;
				LD_RUNPATH_SEARCH_PATHS = "$(inherited) @executable_path/Frameworks @loader_path/Frameworks";
				PRODUCT_BUNDLE_IDENTIFIER = "compact-cs378.todoTests";
				PRODUCT_NAME = "$(TARGET_NAME)";
				TEST_HOST = "$(BUILT_PRODUCTS_DIR)/todo.app/todo";
			};
			name = Debug;
		};
		CADD3C6C1C7E46030085F014 /* Release */ = {
			isa = XCBuildConfiguration;
			buildSettings = {
				BUNDLE_LOADER = "$(TEST_HOST)";
				INFOPLIST_FILE = todoTests/Info.plist;
				LD_RUNPATH_SEARCH_PATHS = "$(inherited) @executable_path/Frameworks @loader_path/Frameworks";
				PRODUCT_BUNDLE_IDENTIFIER = "compact-cs378.todoTests";
				PRODUCT_NAME = "$(TARGET_NAME)";
				TEST_HOST = "$(BUILT_PRODUCTS_DIR)/todo.app/todo";
			};
			name = Release;
		};
		CADD3C6E1C7E46030085F014 /* Debug */ = {
			isa = XCBuildConfiguration;
			buildSettings = {
				INFOPLIST_FILE = todoUITests/Info.plist;
				LD_RUNPATH_SEARCH_PATHS = "$(inherited) @executable_path/Frameworks @loader_path/Frameworks";
				PRODUCT_BUNDLE_IDENTIFIER = "compact-cs378.todoUITests";
				PRODUCT_NAME = "$(TARGET_NAME)";
				TEST_TARGET_NAME = todo;
				USES_XCTRUNNER = YES;
			};
			name = Debug;
		};
		CADD3C6F1C7E46030085F014 /* Release */ = {
			isa = XCBuildConfiguration;
			buildSettings = {
				INFOPLIST_FILE = todoUITests/Info.plist;
				LD_RUNPATH_SEARCH_PATHS = "$(inherited) @executable_path/Frameworks @loader_path/Frameworks";
				PRODUCT_BUNDLE_IDENTIFIER = "compact-cs378.todoUITests";
				PRODUCT_NAME = "$(TARGET_NAME)";
				TEST_TARGET_NAME = todo;
				USES_XCTRUNNER = YES;
			};
			name = Release;
		};
/* End XCBuildConfiguration section */

/* Begin XCConfigurationList section */
		CADD3C3A1C7E46030085F014 /* Build configuration list for PBXProject "todo" */ = {
			isa = XCConfigurationList;
			buildConfigurations = (
				CADD3C651C7E46030085F014 /* Debug */,
				CADD3C661C7E46030085F014 /* Release */,
			);
			defaultConfigurationIsVisible = 0;
			defaultConfigurationName = Release;
		};
		CADD3C671C7E46030085F014 /* Build configuration list for PBXNativeTarget "todo" */ = {
			isa = XCConfigurationList;
			buildConfigurations = (
				CADD3C681C7E46030085F014 /* Debug */,
				CADD3C691C7E46030085F014 /* Release */,
			);
			defaultConfigurationIsVisible = 0;
			defaultConfigurationName = Release;
		};
		CADD3C6A1C7E46030085F014 /* Build configuration list for PBXNativeTarget "todoTests" */ = {
			isa = XCConfigurationList;
			buildConfigurations = (
				CADD3C6B1C7E46030085F014 /* Debug */,
				CADD3C6C1C7E46030085F014 /* Release */,
			);
			defaultConfigurationIsVisible = 0;
			defaultConfigurationName = Release;
		};
		CADD3C6D1C7E46030085F014 /* Build configuration list for PBXNativeTarget "todoUITests" */ = {
			isa = XCConfigurationList;
			buildConfigurations = (
				CADD3C6E1C7E46030085F014 /* Debug */,
				CADD3C6F1C7E46030085F014 /* Release */,
			);
			defaultConfigurationIsVisible = 0;
			defaultConfigurationName = Release;
		};
/* End XCConfigurationList section */
	};
	rootObject = CADD3C371C7E46030085F014 /* Project object */;
}
