// !$*UTF8*$!
{
	archiveVersion = 1;
	classes = {
	};
	objectVersion = 46;
	objects = {

/* Begin PBXBuildFile section */
		874A951A1CD08A290060AC87 /* BalanceUpdateTableViewCell.swift in Sources */ = {isa = PBXBuildFile; fileRef = 874A95191CD08A290060AC87 /* BalanceUpdateTableViewCell.swift */; };
		874A95211CD3BB470060AC87 /* emailIcon.png in Resources */ = {isa = PBXBuildFile; fileRef = 874A95201CD3BB470060AC87 /* emailIcon.png */; };
		874A95231CD3BB600060AC87 /* dotIcon.png in Resources */ = {isa = PBXBuildFile; fileRef = 874A95221CD3BB600060AC87 /* dotIcon.png */; };
		879193881CB5BA8300F5A08D /* UserPhotoButton.swift in Sources */ = {isa = PBXBuildFile; fileRef = 879193871CB5BA8300F5A08D /* UserPhotoButton.swift */; };
		87D0E3311CAB23F2009261CC /* HistoryTableViewCell.swift in Sources */ = {isa = PBXBuildFile; fileRef = 87D0E3301CAB23F2009261CC /* HistoryTableViewCell.swift */; };
		87D0E3351CAB2680009261CC /* HistoryTableViewController.swift in Sources */ = {isa = PBXBuildFile; fileRef = 87D0E3341CAB2680009261CC /* HistoryTableViewController.swift */; };
		87D47D131CD3BD2F003E6254 /* GainedDotsBg.png in Resources */ = {isa = PBXBuildFile; fileRef = 87D47D121CD3BD2F003E6254 /* GainedDotsBg.png */; };
		87D47D151CD3BD36003E6254 /* SpentDotsBg.png in Resources */ = {isa = PBXBuildFile; fileRef = 87D47D141CD3BD36003E6254 /* SpentDotsBg.png */; };
		87D47D1B1CD40474003E6254 /* TodoAppIcon_Teal.png in Resources */ = {isa = PBXBuildFile; fileRef = 87D47D1A1CD40474003E6254 /* TodoAppIcon_Teal.png */; };
		87D47D1D1CD4047A003E6254 /* TodoAppIcon_White.png in Resources */ = {isa = PBXBuildFile; fileRef = 87D47D1C1CD4047A003E6254 /* TodoAppIcon_White.png */; };
		99A41DD31CD15A6000F2A920 /* todo-icon.png in Resources */ = {isa = PBXBuildFile; fileRef = 99A41DD21CD15A6000F2A920 /* todo-icon.png */; };
		C477A84576E3A26F2C5FCC88 /* Pods.framework in Frameworks */ = {isa = PBXBuildFile; fileRef = 8C38DF7D0F490F56A7AA3F93 /* Pods.framework */; };
		C6FE54001CC9C4060042E585 /* SettingTableViewController.swift in Sources */ = {isa = PBXBuildFile; fileRef = C6FE53FF1CC9C4060042E585 /* SettingTableViewController.swift */; };
		C6FE54021CC9C4410042E585 /* Settings.storyboard in Resources */ = {isa = PBXBuildFile; fileRef = C6FE54011CC9C4410042E585 /* Settings.storyboard */; };
		CA040A8D1CA31B7800E06C37 /* RequesterStartSessionViewController.swift in Sources */ = {isa = PBXBuildFile; fileRef = CA040A891CA31B7800E06C37 /* RequesterStartSessionViewController.swift */; };
		CA040A8E1CA31B7800E06C37 /* RequesterTutoringSessionViewController.swift in Sources */ = {isa = PBXBuildFile; fileRef = CA040A8A1CA31B7800E06C37 /* RequesterTutoringSessionViewController.swift */; };
		CA040A8F1CA31B7800E06C37 /* TutorTutoringSessionViewController.swift in Sources */ = {isa = PBXBuildFile; fileRef = CA040A8B1CA31B7800E06C37 /* TutorTutoringSessionViewController.swift */; };
		CA040A911CA328E300E06C37 /* TutorWaitingViewController.swift in Sources */ = {isa = PBXBuildFile; fileRef = CA040A901CA328E300E06C37 /* TutorWaitingViewController.swift */; };
		CA040A951CA32EA900E06C37 /* CourseSelectionProtocol.swift in Sources */ = {isa = PBXBuildFile; fileRef = CA040A941CA32EA900E06C37 /* CourseSelectionProtocol.swift */; };
		CA2A50F61C8528AD000E2E94 /* Home Analitics1.png in Resources */ = {isa = PBXBuildFile; fileRef = CA2A50F51C8528AD000E2E94 /* Home Analitics1.png */; };
		CA7B00D11C9504C90001D0F4 /* DefaultProfilePhoto.png in Resources */ = {isa = PBXBuildFile; fileRef = CA7B00CA1C9504C90001D0F4 /* DefaultProfilePhoto.png */; };
		CA7B00D21C9504C90001D0F4 /* DotsBalance_Profile.png in Resources */ = {isa = PBXBuildFile; fileRef = CA7B00CB1C9504C90001D0F4 /* DotsBalance_Profile.png */; };
		CA7B00D31C9504C90001D0F4 /* EmailButton_Profile.png in Resources */ = {isa = PBXBuildFile; fileRef = CA7B00CC1C9504C90001D0F4 /* EmailButton_Profile.png */; };
		CA7B00D41C9504C90001D0F4 /* FrequentActivity_Profile.png in Resources */ = {isa = PBXBuildFile; fileRef = CA7B00CD1C9504C90001D0F4 /* FrequentActivity_Profile.png */; };
		CA7B00D51C9504C90001D0F4 /* MinimalActivity_Profile.png in Resources */ = {isa = PBXBuildFile; fileRef = CA7B00CE1C9504C90001D0F4 /* MinimalActivity_Profile.png */; };
		CA7B00D61C9504C90001D0F4 /* ModerateActivity_Profile.png in Resources */ = {isa = PBXBuildFile; fileRef = CA7B00CF1C9504C90001D0F4 /* ModerateActivity_Profile.png */; };
		CA7B00D71C9504C90001D0F4 /* StudentProfileTestPhoto.png in Resources */ = {isa = PBXBuildFile; fileRef = CA7B00D01C9504C90001D0F4 /* StudentProfileTestPhoto.png */; };
		CA7B00DC1C9505FF0001D0F4 /* LoginScreenBg2.jpg in Resources */ = {isa = PBXBuildFile; fileRef = CA7B00D81C9505FF0001D0F4 /* LoginScreenBg2.jpg */; };
		CA7B00DD1C9505FF0001D0F4 /* LoginButton2.png in Resources */ = {isa = PBXBuildFile; fileRef = CA7B00D91C9505FF0001D0F4 /* LoginButton2.png */; };
		CA7B00DE1C9505FF0001D0F4 /* SignUpButton2.png in Resources */ = {isa = PBXBuildFile; fileRef = CA7B00DA1C9505FF0001D0F4 /* SignUpButton2.png */; };
		CA7B00DF1C9505FF0001D0F4 /* TodoSlogan_LightGray.png in Resources */ = {isa = PBXBuildFile; fileRef = CA7B00DB1C9505FF0001D0F4 /* TodoSlogan_LightGray.png */; };
		CA7B013C1C9509530001D0F4 /* History.storyboard in Resources */ = {isa = PBXBuildFile; fileRef = CA7B01301C9509530001D0F4 /* History.storyboard */; };
		CA7B013D1C9509530001D0F4 /* Home.storyboard in Resources */ = {isa = PBXBuildFile; fileRef = CA7B01321C9509530001D0F4 /* Home.storyboard */; };
		CA7B013E1C9509530001D0F4 /* Notifications.storyboard in Resources */ = {isa = PBXBuildFile; fileRef = CA7B01341C9509530001D0F4 /* Notifications.storyboard */; };
		CA7B013F1C9509530001D0F4 /* Profile.storyboard in Resources */ = {isa = PBXBuildFile; fileRef = CA7B01361C9509530001D0F4 /* Profile.storyboard */; };
		CA7B01411C9509530001D0F4 /* SignUp.storyboard in Resources */ = {isa = PBXBuildFile; fileRef = CA7B013A1C9509530001D0F4 /* SignUp.storyboard */; };
		CA7B016D1C9515D40001D0F4 /* LoginScreenBg.jpg in Resources */ = {isa = PBXBuildFile; fileRef = CA7B01681C9515D40001D0F4 /* LoginScreenBg.jpg */; };
		CA7B016E1C9515D40001D0F4 /* LoginButton.png in Resources */ = {isa = PBXBuildFile; fileRef = CA7B01691C9515D40001D0F4 /* LoginButton.png */; };
		CA7B016F1C9515D40001D0F4 /* SignUpButton.png in Resources */ = {isa = PBXBuildFile; fileRef = CA7B016A1C9515D40001D0F4 /* SignUpButton.png */; };
		CA7B01701C9515D40001D0F4 /* TodoLogo_Teal.png in Resources */ = {isa = PBXBuildFile; fileRef = CA7B016B1C9515D40001D0F4 /* TodoLogo_Teal.png */; };
		CA7B01711C9515D40001D0F4 /* TodoLogo_White.png in Resources */ = {isa = PBXBuildFile; fileRef = CA7B016C1C9515D40001D0F4 /* TodoLogo_White.png */; };
		CA7B01741C9516E50001D0F4 /* LocationIcon.png in Resources */ = {isa = PBXBuildFile; fileRef = CA7B01731C9516E50001D0F4 /* LocationIcon.png */; };
		CA7B018C1C951AF20001D0F4 /* AppDelegate.swift in Sources */ = {isa = PBXBuildFile; fileRef = CA7B01771C951AF20001D0F4 /* AppDelegate.swift */; };
		CA7B018D1C951AF20001D0F4 /* DataManager.swift in Sources */ = {isa = PBXBuildFile; fileRef = CA7B01781C951AF20001D0F4 /* DataManager.swift */; };
		CA7B018E1C951AF20001D0F4 /* HomeViewController.swift in Sources */ = {isa = PBXBuildFile; fileRef = CA7B01791C951AF20001D0F4 /* HomeViewController.swift */; };
		CA7B01901C951AF20001D0F4 /* LoginViewController.swift in Sources */ = {isa = PBXBuildFile; fileRef = CA7B017B1C951AF20001D0F4 /* LoginViewController.swift */; };
		CA7B01911C951AF20001D0F4 /* Notification.swift in Sources */ = {isa = PBXBuildFile; fileRef = CA7B017C1C951AF20001D0F4 /* Notification.swift */; };
		CA7B01921C951AF20001D0F4 /* NotificationsTableViewController.swift in Sources */ = {isa = PBXBuildFile; fileRef = CA7B017D1C951AF20001D0F4 /* NotificationsTableViewController.swift */; };
		CA7B01951C951AF20001D0F4 /* ProfileViewController.swift in Sources */ = {isa = PBXBuildFile; fileRef = CA7B01801C951AF20001D0F4 /* ProfileViewController.swift */; };
		CA7B01981C951AF20001D0F4 /* RequestNotificationTableViewCell.swift in Sources */ = {isa = PBXBuildFile; fileRef = CA7B01831C951AF20001D0F4 /* RequestNotificationTableViewCell.swift */; };
		CA7B019B1C951AF20001D0F4 /* StandardNotificationTableViewCell.swift in Sources */ = {isa = PBXBuildFile; fileRef = CA7B01861C951AF20001D0F4 /* StandardNotificationTableViewCell.swift */; };
		CA7B019C1C951AF20001D0F4 /* StreamReader.swift in Sources */ = {isa = PBXBuildFile; fileRef = CA7B01871C951AF20001D0F4 /* StreamReader.swift */; };
		CA7B01A51C951CCC0001D0F4 /* UTCSCourses.json in Resources */ = {isa = PBXBuildFile; fileRef = CA7B01A11C951CCC0001D0F4 /* UTCSCourses.json */; };
		CA7B01A61C951CCC0001D0F4 /* CS_Lower.txt in Resources */ = {isa = PBXBuildFile; fileRef = CA7B01A21C951CCC0001D0F4 /* CS_Lower.txt */; };
		CA7B01A71C951CCC0001D0F4 /* CS_Upper.txt in Resources */ = {isa = PBXBuildFile; fileRef = CA7B01A31C951CCC0001D0F4 /* CS_Upper.txt */; };
		CA7B01A81C951CCC0001D0F4 /* UTCS_Course_schedule.txt in Resources */ = {isa = PBXBuildFile; fileRef = CA7B01A41C951CCC0001D0F4 /* UTCS_Course_schedule.txt */; };
		CA7B01C41C97B4DC0001D0F4 /* ChartViewController.swift in Sources */ = {isa = PBXBuildFile; fileRef = CA7B01C31C97B4DC0001D0F4 /* ChartViewController.swift */; };
		CA7B01C81C980D0A0001D0F4 /* RequestHelpViewController.swift in Sources */ = {isa = PBXBuildFile; fileRef = CA7B01C71C980D0A0001D0F4 /* RequestHelpViewController.swift */; };
		CA7B01F31C981A450001D0F4 /* CoursesListView.swift in Sources */ = {isa = PBXBuildFile; fileRef = CA7B01F21C981A450001D0F4 /* CoursesListView.swift */; };
		CA8B11851C86A00B0039D8F3 /* Home Analitics2.png in Resources */ = {isa = PBXBuildFile; fileRef = CA8B11841C86A00B0039D8F3 /* Home Analitics2.png */; };
		CAB102041C8442E600033929 /* logout.png in Resources */ = {isa = PBXBuildFile; fileRef = CAB102031C8442E600033929 /* logout.png */; };
		CAB102061C844FA500033929 /* user-pic.png in Resources */ = {isa = PBXBuildFile; fileRef = CAB102051C844FA500033929 /* user-pic.png */; };
		CAB160971CB3537600C0FD41 /* TimerAndDotsCounter.swift in Sources */ = {isa = PBXBuildFile; fileRef = CAB160961CB3537600C0FD41 /* TimerAndDotsCounter.swift */; };
		CAB160A51CB85D1600C0FD41 /* CourseCollectionViewCell.swift in Sources */ = {isa = PBXBuildFile; fileRef = CAB160A31CB85D1600C0FD41 /* CourseCollectionViewCell.swift */; };
		CAB160A71CB861C100C0FD41 /* RegistrationTableViewController.swift in Sources */ = {isa = PBXBuildFile; fileRef = CAB160A61CB861C100C0FD41 /* RegistrationTableViewController.swift */; };
		CAC137C41C85548B00586487 /* Main.storyboard in Resources */ = {isa = PBXBuildFile; fileRef = CAC137C21C85548B00586487 /* Main.storyboard */; };
		CAC137D01C855D8E00586487 /* History Example.png in Resources */ = {isa = PBXBuildFile; fileRef = CAC137CA1C855D8E00586487 /* History Example.png */; };
		CAC137D11C855D8E00586487 /* HistoryExample.png in Resources */ = {isa = PBXBuildFile; fileRef = CAC137CB1C855D8E00586487 /* HistoryExample.png */; };
		CAC137D21C855D8E00586487 /* Location.png in Resources */ = {isa = PBXBuildFile; fileRef = CAC137CC1C855D8E00586487 /* Location.png */; };
		CAC137D31C855D8E00586487 /* user1.png in Resources */ = {isa = PBXBuildFile; fileRef = CAC137CD1C855D8E00586487 /* user1.png */; };
		CAC137D41C855D8E00586487 /* user2.png in Resources */ = {isa = PBXBuildFile; fileRef = CAC137CE1C855D8E00586487 /* user2.png */; };
		CAC137D51C855D8E00586487 /* user3.png in Resources */ = {isa = PBXBuildFile; fileRef = CAC137CF1C855D8E00586487 /* user3.png */; };
		CAC4825F1C83D92600059FDD /* HistoryTabIcon_Black.png in Resources */ = {isa = PBXBuildFile; fileRef = CAC482551C83D92600059FDD /* HistoryTabIcon_Black.png */; };
		CAC482611C83D92600059FDD /* HomeTabIcon_Black.png in Resources */ = {isa = PBXBuildFile; fileRef = CAC482571C83D92600059FDD /* HomeTabIcon_Black.png */; };
		CAC482631C83D92600059FDD /* NotificationsTabIcon_Black.png in Resources */ = {isa = PBXBuildFile; fileRef = CAC482591C83D92600059FDD /* NotificationsTabIcon_Black.png */; };
		CAC482651C83D92600059FDD /* ProfileTabIcon_Black.png in Resources */ = {isa = PBXBuildFile; fileRef = CAC4825B1C83D92600059FDD /* ProfileTabIcon_Black.png */; };
		CAC482671C83D92600059FDD /* SettingsTabIcon_Black.png in Resources */ = {isa = PBXBuildFile; fileRef = CAC4825D1C83D92600059FDD /* SettingsTabIcon_Black.png */; };
		CAC482711C83F49A00059FDD /* SEGOEUIB.TTF in Resources */ = {isa = PBXBuildFile; fileRef = CAC4826D1C83F49A00059FDD /* SEGOEUIB.TTF */; };
		CAC482721C83F49A00059FDD /* segoeuii.ttf in Resources */ = {isa = PBXBuildFile; fileRef = CAC4826E1C83F49A00059FDD /* segoeuii.ttf */; };
		CAC482731C83F49A00059FDD /* SEGOEUIZ.TTF in Resources */ = {isa = PBXBuildFile; fileRef = CAC4826F1C83F49A00059FDD /* SEGOEUIZ.TTF */; };
		CAC482751C83F4A900059FDD /* Maiandra GD Regular.ttf in Resources */ = {isa = PBXBuildFile; fileRef = CAC482741C83F4A900059FDD /* Maiandra GD Regular.ttf */; };
		CAC4827B1C83F85A00059FDD /* HistoryTabIcon_Teal.png in Resources */ = {isa = PBXBuildFile; fileRef = CAC482761C83F85A00059FDD /* HistoryTabIcon_Teal.png */; };
		CAC4827C1C83F85A00059FDD /* HomeTabIcon_Teal.png in Resources */ = {isa = PBXBuildFile; fileRef = CAC482771C83F85A00059FDD /* HomeTabIcon_Teal.png */; };
		CAC4827D1C83F85A00059FDD /* NotificationsTabIcon_Teal.png in Resources */ = {isa = PBXBuildFile; fileRef = CAC482781C83F85A00059FDD /* NotificationsTabIcon_Teal.png */; };
		CAC4827E1C83F85A00059FDD /* ProfileTabIcon_Teal.png in Resources */ = {isa = PBXBuildFile; fileRef = CAC482791C83F85A00059FDD /* ProfileTabIcon_Teal.png */; };
		CAC4827F1C83F85A00059FDD /* SettingsTabIcon_Teal.png in Resources */ = {isa = PBXBuildFile; fileRef = CAC4827A1C83F85A00059FDD /* SettingsTabIcon_Teal.png */; };
		CAC482801C83FED800059FDD /* SEGOEUI.TTF in Resources */ = {isa = PBXBuildFile; fileRef = CAC482821C83FED800059FDD /* SEGOEUI.TTF */; };
		CAC482881C84209E00059FDD /* Home Analitics.png in Resources */ = {isa = PBXBuildFile; fileRef = CAC482851C84209E00059FDD /* Home Analitics.png */; };
		CAC482891C84209E00059FDD /* Home-Item1.png in Resources */ = {isa = PBXBuildFile; fileRef = CAC482861C84209E00059FDD /* Home-Item1.png */; };
		CAC4828A1C84209E00059FDD /* Home-Item2.png in Resources */ = {isa = PBXBuildFile; fileRef = CAC482871C84209E00059FDD /* Home-Item2.png */; };
		CADD3C4A1C7E46030085F014 /* Assets.xcassets in Resources */ = {isa = PBXBuildFile; fileRef = CADD3C491C7E46030085F014 /* Assets.xcassets */; };
		CADD3C4D1C7E46030085F014 /* LaunchScreen.storyboard in Resources */ = {isa = PBXBuildFile; fileRef = CADD3C4B1C7E46030085F014 /* LaunchScreen.storyboard */; };
		CADD3C581C7E46030085F014 /* todoTests.swift in Sources */ = {isa = PBXBuildFile; fileRef = CADD3C571C7E46030085F014 /* todoTests.swift */; };
		CADD3C631C7E46030085F014 /* todoUITests.swift in Sources */ = {isa = PBXBuildFile; fileRef = CADD3C621C7E46030085F014 /* todoUITests.swift */; };
/* End PBXBuildFile section */

/* Begin PBXContainerItemProxy section */
		CADD3C541C7E46030085F014 /* PBXContainerItemProxy */ = {
			isa = PBXContainerItemProxy;
			containerPortal = CADD3C371C7E46030085F014 /* Project object */;
			proxyType = 1;
			remoteGlobalIDString = CADD3C3E1C7E46030085F014;
			remoteInfo = todo;
		};
		CADD3C5F1C7E46030085F014 /* PBXContainerItemProxy */ = {
			isa = PBXContainerItemProxy;
			containerPortal = CADD3C371C7E46030085F014 /* Project object */;
			proxyType = 1;
			remoteGlobalIDString = CADD3C3E1C7E46030085F014;
			remoteInfo = todo;
		};
/* End PBXContainerItemProxy section */

/* Begin PBXCopyFilesBuildPhase section */
		CA7B01BE1C9788340001D0F4 /* Embed Frameworks */ = {
			isa = PBXCopyFilesBuildPhase;
			buildActionMask = 2147483647;
			dstPath = "";
			dstSubfolderSpec = 10;
			files = (
			);
			name = "Embed Frameworks";
			runOnlyForDeploymentPostprocessing = 0;
		};
/* End PBXCopyFilesBuildPhase section */

/* Begin PBXFileReference section */
		04B6C3211C85786C00BA7882 /* TodoLogo_Teal.png */ = {isa = PBXFileReference; lastKnownFileType = image.png; path = TodoLogo_Teal.png; sourceTree = "<group>"; };
		04B6C3221C85786C00BA7882 /* TodoLogo_White.png */ = {isa = PBXFileReference; lastKnownFileType = image.png; path = TodoLogo_White.png; sourceTree = "<group>"; };
		874A95191CD08A290060AC87 /* BalanceUpdateTableViewCell.swift */ = {isa = PBXFileReference; fileEncoding = 4; lastKnownFileType = sourcecode.swift; name = BalanceUpdateTableViewCell.swift; path = src/BalanceUpdateTableViewCell.swift; sourceTree = "<group>"; };
		874A95201CD3BB470060AC87 /* emailIcon.png */ = {isa = PBXFileReference; lastKnownFileType = image.png; name = emailIcon.png; path = images/Profile/emailIcon.png; sourceTree = "<group>"; };
		874A95221CD3BB600060AC87 /* dotIcon.png */ = {isa = PBXFileReference; lastKnownFileType = image.png; name = dotIcon.png; path = images/Profile/dotIcon.png; sourceTree = "<group>"; };
		8780982A1C86BF88005DDE9E /* LocationIcon.png */ = {isa = PBXFileReference; lastKnownFileType = image.png; path = LocationIcon.png; sourceTree = "<group>"; };
		879193871CB5BA8300F5A08D /* UserPhotoButton.swift */ = {isa = PBXFileReference; fileEncoding = 4; lastKnownFileType = sourcecode.swift; path = UserPhotoButton.swift; sourceTree = "<group>"; };
		87D0E3301CAB23F2009261CC /* HistoryTableViewCell.swift */ = {isa = PBXFileReference; fileEncoding = 4; lastKnownFileType = sourcecode.swift; path = HistoryTableViewCell.swift; sourceTree = "<group>"; };
		87D0E3341CAB2680009261CC /* HistoryTableViewController.swift */ = {isa = PBXFileReference; fileEncoding = 4; lastKnownFileType = sourcecode.swift; path = HistoryTableViewController.swift; sourceTree = "<group>"; };
		87D47D121CD3BD2F003E6254 /* GainedDotsBg.png */ = {isa = PBXFileReference; lastKnownFileType = image.png; name = GainedDotsBg.png; path = images/History/GainedDotsBg.png; sourceTree = "<group>"; };
		87D47D141CD3BD36003E6254 /* SpentDotsBg.png */ = {isa = PBXFileReference; lastKnownFileType = image.png; name = SpentDotsBg.png; path = images/History/SpentDotsBg.png; sourceTree = "<group>"; };
		87D47D1A1CD40474003E6254 /* TodoAppIcon_Teal.png */ = {isa = PBXFileReference; lastKnownFileType = image.png; name = TodoAppIcon_Teal.png; path = images/General/TodoAppIcon_Teal.png; sourceTree = "<group>"; };
		87D47D1C1CD4047A003E6254 /* TodoAppIcon_White.png */ = {isa = PBXFileReference; lastKnownFileType = image.png; name = TodoAppIcon_White.png; path = images/General/TodoAppIcon_White.png; sourceTree = "<group>"; };
		8C38DF7D0F490F56A7AA3F93 /* Pods.framework */ = {isa = PBXFileReference; explicitFileType = wrapper.framework; includeInIndex = 0; path = Pods.framework; sourceTree = BUILT_PRODUCTS_DIR; };
		99A41DD21CD15A6000F2A920 /* todo-icon.png */ = {isa = PBXFileReference; lastKnownFileType = image.png; name = "todo-icon.png"; path = "Docs/todo-icon.png"; sourceTree = SOURCE_ROOT; };
		B95B17BA7525CA57F61545CA /* Pods.release.xcconfig */ = {isa = PBXFileReference; includeInIndex = 1; lastKnownFileType = text.xcconfig; name = Pods.release.xcconfig; path = "Pods/Target Support Files/Pods/Pods.release.xcconfig"; sourceTree = "<group>"; };
		C6FE53FF1CC9C4060042E585 /* SettingTableViewController.swift */ = {isa = PBXFileReference; fileEncoding = 4; lastKnownFileType = sourcecode.swift; name = SettingTableViewController.swift; path = src/SettingTableViewController.swift; sourceTree = "<group>"; };
		C6FE54011CC9C4410042E585 /* Settings.storyboard */ = {isa = PBXFileReference; fileEncoding = 4; lastKnownFileType = file.storyboard; name = Settings.storyboard; path = Base.lproj/Settings.storyboard; sourceTree = "<group>"; };
		CA040A891CA31B7800E06C37 /* RequesterStartSessionViewController.swift */ = {isa = PBXFileReference; fileEncoding = 4; lastKnownFileType = sourcecode.swift; name = RequesterStartSessionViewController.swift; path = src/RequesterStartSessionViewController.swift; sourceTree = "<group>"; };
		CA040A8A1CA31B7800E06C37 /* RequesterTutoringSessionViewController.swift */ = {isa = PBXFileReference; fileEncoding = 4; lastKnownFileType = sourcecode.swift; name = RequesterTutoringSessionViewController.swift; path = src/RequesterTutoringSessionViewController.swift; sourceTree = "<group>"; };
		CA040A8B1CA31B7800E06C37 /* TutorTutoringSessionViewController.swift */ = {isa = PBXFileReference; fileEncoding = 4; lastKnownFileType = sourcecode.swift; name = TutorTutoringSessionViewController.swift; path = src/TutorTutoringSessionViewController.swift; sourceTree = "<group>"; };
		CA040A901CA328E300E06C37 /* TutorWaitingViewController.swift */ = {isa = PBXFileReference; fileEncoding = 4; lastKnownFileType = sourcecode.swift; name = TutorWaitingViewController.swift; path = src/TutorWaitingViewController.swift; sourceTree = "<group>"; };
		CA040A941CA32EA900E06C37 /* CourseSelectionProtocol.swift */ = {isa = PBXFileReference; fileEncoding = 4; lastKnownFileType = sourcecode.swift; name = CourseSelectionProtocol.swift; path = src/CourseSelectionProtocol.swift; sourceTree = "<group>"; };
		CA2A50F51C8528AD000E2E94 /* Home Analitics1.png */ = {isa = PBXFileReference; lastKnownFileType = image.png; name = "Home Analitics1.png"; path = "images/Home/Home Analitics1.png"; sourceTree = "<group>"; };
		CA7B00CA1C9504C90001D0F4 /* DefaultProfilePhoto.png */ = {isa = PBXFileReference; lastKnownFileType = image.png; name = DefaultProfilePhoto.png; path = images/Profile/DefaultProfilePhoto.png; sourceTree = "<group>"; };
		CA7B00CB1C9504C90001D0F4 /* DotsBalance_Profile.png */ = {isa = PBXFileReference; lastKnownFileType = image.png; name = DotsBalance_Profile.png; path = images/Profile/DotsBalance_Profile.png; sourceTree = "<group>"; };
		CA7B00CC1C9504C90001D0F4 /* EmailButton_Profile.png */ = {isa = PBXFileReference; lastKnownFileType = image.png; name = EmailButton_Profile.png; path = images/Profile/EmailButton_Profile.png; sourceTree = "<group>"; };
		CA7B00CD1C9504C90001D0F4 /* FrequentActivity_Profile.png */ = {isa = PBXFileReference; lastKnownFileType = image.png; name = FrequentActivity_Profile.png; path = images/Profile/FrequentActivity_Profile.png; sourceTree = "<group>"; };
		CA7B00CE1C9504C90001D0F4 /* MinimalActivity_Profile.png */ = {isa = PBXFileReference; lastKnownFileType = image.png; name = MinimalActivity_Profile.png; path = images/Profile/MinimalActivity_Profile.png; sourceTree = "<group>"; };
		CA7B00CF1C9504C90001D0F4 /* ModerateActivity_Profile.png */ = {isa = PBXFileReference; lastKnownFileType = image.png; name = ModerateActivity_Profile.png; path = images/Profile/ModerateActivity_Profile.png; sourceTree = "<group>"; };
		CA7B00D01C9504C90001D0F4 /* StudentProfileTestPhoto.png */ = {isa = PBXFileReference; lastKnownFileType = image.png; name = StudentProfileTestPhoto.png; path = images/Profile/StudentProfileTestPhoto.png; sourceTree = "<group>"; };
		CA7B00D81C9505FF0001D0F4 /* LoginScreenBg2.jpg */ = {isa = PBXFileReference; lastKnownFileType = image.jpeg; name = LoginScreenBg2.jpg; path = images/Login/LoginScreenBg2.jpg; sourceTree = "<group>"; };
		CA7B00D91C9505FF0001D0F4 /* LoginButton2.png */ = {isa = PBXFileReference; lastKnownFileType = image.png; name = LoginButton2.png; path = images/Login/LoginButton2.png; sourceTree = "<group>"; };
		CA7B00DA1C9505FF0001D0F4 /* SignUpButton2.png */ = {isa = PBXFileReference; lastKnownFileType = image.png; name = SignUpButton2.png; path = images/Login/SignUpButton2.png; sourceTree = "<group>"; };
		CA7B00DB1C9505FF0001D0F4 /* TodoSlogan_LightGray.png */ = {isa = PBXFileReference; lastKnownFileType = image.png; name = TodoSlogan_LightGray.png; path = images/Login/TodoSlogan_LightGray.png; sourceTree = "<group>"; };
		CA7B01311C9509530001D0F4 /* Base */ = {isa = PBXFileReference; lastKnownFileType = file.storyboard; name = Base; path = Base.lproj/History.storyboard; sourceTree = "<group>"; };
		CA7B01331C9509530001D0F4 /* Base */ = {isa = PBXFileReference; lastKnownFileType = file.storyboard; name = Base; path = Base.lproj/Home.storyboard; sourceTree = "<group>"; };
		CA7B01351C9509530001D0F4 /* Base */ = {isa = PBXFileReference; lastKnownFileType = file.storyboard; name = Base; path = Base.lproj/Notifications.storyboard; sourceTree = "<group>"; };
		CA7B01371C9509530001D0F4 /* Base */ = {isa = PBXFileReference; lastKnownFileType = file.storyboard; name = Base; path = Base.lproj/Profile.storyboard; sourceTree = "<group>"; };
		CA7B013B1C9509530001D0F4 /* Base */ = {isa = PBXFileReference; lastKnownFileType = file.storyboard; name = Base; path = Base.lproj/SignUp.storyboard; sourceTree = "<group>"; };
		CA7B01681C9515D40001D0F4 /* LoginScreenBg.jpg */ = {isa = PBXFileReference; lastKnownFileType = image.jpeg; name = LoginScreenBg.jpg; path = images/Login/LoginScreenBg.jpg; sourceTree = "<group>"; };
		CA7B01691C9515D40001D0F4 /* LoginButton.png */ = {isa = PBXFileReference; lastKnownFileType = image.png; name = LoginButton.png; path = images/Login/LoginButton.png; sourceTree = "<group>"; };
		CA7B016A1C9515D40001D0F4 /* SignUpButton.png */ = {isa = PBXFileReference; lastKnownFileType = image.png; name = SignUpButton.png; path = images/Login/SignUpButton.png; sourceTree = "<group>"; };
		CA7B016B1C9515D40001D0F4 /* TodoLogo_Teal.png */ = {isa = PBXFileReference; lastKnownFileType = image.png; name = TodoLogo_Teal.png; path = todo/images/Login/TodoLogo_Teal.png; sourceTree = SOURCE_ROOT; };
		CA7B016C1C9515D40001D0F4 /* TodoLogo_White.png */ = {isa = PBXFileReference; lastKnownFileType = image.png; name = TodoLogo_White.png; path = todo/images/Login/TodoLogo_White.png; sourceTree = SOURCE_ROOT; };
		CA7B01731C9516E50001D0F4 /* LocationIcon.png */ = {isa = PBXFileReference; lastKnownFileType = image.png; name = LocationIcon.png; path = images/Notifications/LocationIcon.png; sourceTree = "<group>"; };
		CA7B01771C951AF20001D0F4 /* AppDelegate.swift */ = {isa = PBXFileReference; fileEncoding = 4; lastKnownFileType = sourcecode.swift; name = AppDelegate.swift; path = src/AppDelegate.swift; sourceTree = "<group>"; };
		CA7B01781C951AF20001D0F4 /* DataManager.swift */ = {isa = PBXFileReference; fileEncoding = 4; lastKnownFileType = sourcecode.swift; name = DataManager.swift; path = src/DataManager.swift; sourceTree = "<group>"; };
		CA7B01791C951AF20001D0F4 /* HomeViewController.swift */ = {isa = PBXFileReference; fileEncoding = 4; lastKnownFileType = sourcecode.swift; name = HomeViewController.swift; path = src/HomeViewController.swift; sourceTree = "<group>"; };
		CA7B017B1C951AF20001D0F4 /* LoginViewController.swift */ = {isa = PBXFileReference; fileEncoding = 4; lastKnownFileType = sourcecode.swift; name = LoginViewController.swift; path = src/LoginViewController.swift; sourceTree = "<group>"; };
		CA7B017C1C951AF20001D0F4 /* Notification.swift */ = {isa = PBXFileReference; fileEncoding = 4; lastKnownFileType = sourcecode.swift; name = Notification.swift; path = src/Notification.swift; sourceTree = "<group>"; };
		CA7B017D1C951AF20001D0F4 /* NotificationsTableViewController.swift */ = {isa = PBXFileReference; fileEncoding = 4; lastKnownFileType = sourcecode.swift; name = NotificationsTableViewController.swift; path = src/NotificationsTableViewController.swift; sourceTree = "<group>"; };
		CA7B01801C951AF20001D0F4 /* ProfileViewController.swift */ = {isa = PBXFileReference; fileEncoding = 4; lastKnownFileType = sourcecode.swift; name = ProfileViewController.swift; path = src/ProfileViewController.swift; sourceTree = "<group>"; };
		CA7B01831C951AF20001D0F4 /* RequestNotificationTableViewCell.swift */ = {isa = PBXFileReference; fileEncoding = 4; lastKnownFileType = sourcecode.swift; name = RequestNotificationTableViewCell.swift; path = src/RequestNotificationTableViewCell.swift; sourceTree = "<group>"; };
		CA7B01841C951AF20001D0F4 /* RequestPoolTableViewCell.swift */ = {isa = PBXFileReference; fileEncoding = 4; lastKnownFileType = sourcecode.swift; name = RequestPoolTableViewCell.swift; path = src/RequestPoolTableViewCell.swift; sourceTree = "<group>"; };
		CA7B01851C951AF20001D0F4 /* RequestPoolTableViewController.swift */ = {isa = PBXFileReference; fileEncoding = 4; lastKnownFileType = sourcecode.swift; name = RequestPoolTableViewController.swift; path = src/RequestPoolTableViewController.swift; sourceTree = "<group>"; };
		CA7B01861C951AF20001D0F4 /* StandardNotificationTableViewCell.swift */ = {isa = PBXFileReference; fileEncoding = 4; lastKnownFileType = sourcecode.swift; name = StandardNotificationTableViewCell.swift; path = src/StandardNotificationTableViewCell.swift; sourceTree = "<group>"; };
		CA7B01871C951AF20001D0F4 /* StreamReader.swift */ = {isa = PBXFileReference; fileEncoding = 4; lastKnownFileType = sourcecode.swift; name = StreamReader.swift; path = src/StreamReader.swift; sourceTree = "<group>"; };
		CA7B01A11C951CCC0001D0F4 /* UTCSCourses.json */ = {isa = PBXFileReference; fileEncoding = 4; lastKnownFileType = text.json; name = UTCSCourses.json; path = docs/UTCSCourses.json; sourceTree = "<group>"; };
		CA7B01A21C951CCC0001D0F4 /* CS_Lower.txt */ = {isa = PBXFileReference; fileEncoding = 4; lastKnownFileType = text; name = CS_Lower.txt; path = docs/CS_Lower.txt; sourceTree = "<group>"; };
		CA7B01A31C951CCC0001D0F4 /* CS_Upper.txt */ = {isa = PBXFileReference; fileEncoding = 4; lastKnownFileType = text; name = CS_Upper.txt; path = docs/CS_Upper.txt; sourceTree = "<group>"; };
		CA7B01A41C951CCC0001D0F4 /* UTCS_Course_schedule.txt */ = {isa = PBXFileReference; fileEncoding = 4; lastKnownFileType = text; name = UTCS_Course_schedule.txt; path = docs/UTCS_Course_schedule.txt; sourceTree = "<group>"; };
		CA7B01C31C97B4DC0001D0F4 /* ChartViewController.swift */ = {isa = PBXFileReference; fileEncoding = 4; lastKnownFileType = sourcecode.swift; name = ChartViewController.swift; path = src/ChartViewController.swift; sourceTree = "<group>"; };
		CA7B01C71C980D0A0001D0F4 /* RequestHelpViewController.swift */ = {isa = PBXFileReference; fileEncoding = 4; lastKnownFileType = sourcecode.swift; name = RequestHelpViewController.swift; path = src/RequestHelpViewController.swift; sourceTree = "<group>"; };
		CA7B01F21C981A450001D0F4 /* CoursesListView.swift */ = {isa = PBXFileReference; fileEncoding = 4; lastKnownFileType = sourcecode.swift; name = CoursesListView.swift; path = src/CoursesListView.swift; sourceTree = "<group>"; };
		CA8B11841C86A00B0039D8F3 /* Home Analitics2.png */ = {isa = PBXFileReference; lastKnownFileType = image.png; name = "Home Analitics2.png"; path = "images/Home/Home Analitics2.png"; sourceTree = "<group>"; };
		CAB102031C8442E600033929 /* logout.png */ = {isa = PBXFileReference; lastKnownFileType = image.png; name = logout.png; path = images/General/logout.png; sourceTree = "<group>"; };
		CAB102051C844FA500033929 /* user-pic.png */ = {isa = PBXFileReference; lastKnownFileType = image.png; name = "user-pic.png"; path = "images/Home/user-pic.png"; sourceTree = "<group>"; };
		CAB160961CB3537600C0FD41 /* TimerAndDotsCounter.swift */ = {isa = PBXFileReference; fileEncoding = 4; lastKnownFileType = sourcecode.swift; name = TimerAndDotsCounter.swift; path = src/TimerAndDotsCounter.swift; sourceTree = "<group>"; };
		CAB160A31CB85D1600C0FD41 /* CourseCollectionViewCell.swift */ = {isa = PBXFileReference; fileEncoding = 4; lastKnownFileType = sourcecode.swift; name = CourseCollectionViewCell.swift; path = src/CourseCollectionViewCell.swift; sourceTree = "<group>"; };
		CAB160A61CB861C100C0FD41 /* RegistrationTableViewController.swift */ = {isa = PBXFileReference; fileEncoding = 4; lastKnownFileType = sourcecode.swift; name = RegistrationTableViewController.swift; path = src/RegistrationTableViewController.swift; sourceTree = "<group>"; };
		CAC137C31C85548B00586487 /* Base */ = {isa = PBXFileReference; lastKnownFileType = file.storyboard; name = Base; path = Base.lproj/Main.storyboard; sourceTree = "<group>"; };
		CAC137CA1C855D8E00586487 /* History Example.png */ = {isa = PBXFileReference; lastKnownFileType = image.png; name = "History Example.png"; path = "images/History/History Example.png"; sourceTree = "<group>"; };
		CAC137CB1C855D8E00586487 /* HistoryExample.png */ = {isa = PBXFileReference; lastKnownFileType = image.png; name = HistoryExample.png; path = images/History/HistoryExample.png; sourceTree = "<group>"; };
		CAC137CC1C855D8E00586487 /* Location.png */ = {isa = PBXFileReference; lastKnownFileType = image.png; name = Location.png; path = images/History/Location.png; sourceTree = "<group>"; };
		CAC137CD1C855D8E00586487 /* user1.png */ = {isa = PBXFileReference; lastKnownFileType = image.png; name = user1.png; path = images/History/user1.png; sourceTree = "<group>"; };
		CAC137CE1C855D8E00586487 /* user2.png */ = {isa = PBXFileReference; lastKnownFileType = image.png; name = user2.png; path = images/History/user2.png; sourceTree = "<group>"; };
		CAC137CF1C855D8E00586487 /* user3.png */ = {isa = PBXFileReference; lastKnownFileType = image.png; name = user3.png; path = images/History/user3.png; sourceTree = "<group>"; };
		CAC482551C83D92600059FDD /* HistoryTabIcon_Black.png */ = {isa = PBXFileReference; lastKnownFileType = image.png; name = HistoryTabIcon_Black.png; path = "images/Tab Icons/HistoryTabIcon_Black.png"; sourceTree = "<group>"; };
		CAC482571C83D92600059FDD /* HomeTabIcon_Black.png */ = {isa = PBXFileReference; lastKnownFileType = image.png; name = HomeTabIcon_Black.png; path = "images/Tab Icons/HomeTabIcon_Black.png"; sourceTree = "<group>"; };
		CAC482591C83D92600059FDD /* NotificationsTabIcon_Black.png */ = {isa = PBXFileReference; lastKnownFileType = image.png; name = NotificationsTabIcon_Black.png; path = "images/Tab Icons/NotificationsTabIcon_Black.png"; sourceTree = "<group>"; };
		CAC4825B1C83D92600059FDD /* ProfileTabIcon_Black.png */ = {isa = PBXFileReference; lastKnownFileType = image.png; name = ProfileTabIcon_Black.png; path = "images/Tab Icons/ProfileTabIcon_Black.png"; sourceTree = "<group>"; };
		CAC4825D1C83D92600059FDD /* SettingsTabIcon_Black.png */ = {isa = PBXFileReference; lastKnownFileType = image.png; name = SettingsTabIcon_Black.png; path = "images/Tab Icons/SettingsTabIcon_Black.png"; sourceTree = "<group>"; };
		CAC4826D1C83F49A00059FDD /* SEGOEUIB.TTF */ = {isa = PBXFileReference; lastKnownFileType = file; name = SEGOEUIB.TTF; path = "fonts/segoe-ui/SEGOEUIB.TTF"; sourceTree = "<group>"; };
		CAC4826E1C83F49A00059FDD /* segoeuii.ttf */ = {isa = PBXFileReference; lastKnownFileType = file; name = segoeuii.ttf; path = "fonts/segoe-ui/segoeuii.ttf"; sourceTree = "<group>"; };
		CAC4826F1C83F49A00059FDD /* SEGOEUIZ.TTF */ = {isa = PBXFileReference; lastKnownFileType = file; name = SEGOEUIZ.TTF; path = "fonts/segoe-ui/SEGOEUIZ.TTF"; sourceTree = "<group>"; };
		CAC482741C83F4A900059FDD /* Maiandra GD Regular.ttf */ = {isa = PBXFileReference; lastKnownFileType = file; name = "Maiandra GD Regular.ttf"; path = "fonts/Maiandra GD Regular/Maiandra GD Regular.ttf"; sourceTree = "<group>"; };
		CAC482761C83F85A00059FDD /* HistoryTabIcon_Teal.png */ = {isa = PBXFileReference; lastKnownFileType = image.png; name = HistoryTabIcon_Teal.png; path = "images/Tab Icons/HistoryTabIcon_Teal.png"; sourceTree = "<group>"; };
		CAC482771C83F85A00059FDD /* HomeTabIcon_Teal.png */ = {isa = PBXFileReference; lastKnownFileType = image.png; name = HomeTabIcon_Teal.png; path = "images/Tab Icons/HomeTabIcon_Teal.png"; sourceTree = "<group>"; };
		CAC482781C83F85A00059FDD /* NotificationsTabIcon_Teal.png */ = {isa = PBXFileReference; lastKnownFileType = image.png; name = NotificationsTabIcon_Teal.png; path = "images/Tab Icons/NotificationsTabIcon_Teal.png"; sourceTree = "<group>"; };
		CAC482791C83F85A00059FDD /* ProfileTabIcon_Teal.png */ = {isa = PBXFileReference; lastKnownFileType = image.png; name = ProfileTabIcon_Teal.png; path = "images/Tab Icons/ProfileTabIcon_Teal.png"; sourceTree = "<group>"; };
		CAC4827A1C83F85A00059FDD /* SettingsTabIcon_Teal.png */ = {isa = PBXFileReference; lastKnownFileType = image.png; name = SettingsTabIcon_Teal.png; path = "images/Tab Icons/SettingsTabIcon_Teal.png"; sourceTree = "<group>"; };
		CAC482831C83FEE500059FDD /* Base */ = {isa = PBXFileReference; lastKnownFileType = file; name = Base; path = Base.lproj/SEGOEUI.TTF; sourceTree = "<group>"; };
		CAC482851C84209E00059FDD /* Home Analitics.png */ = {isa = PBXFileReference; lastKnownFileType = image.png; name = "Home Analitics.png"; path = "images/Home/Home Analitics.png"; sourceTree = "<group>"; };
		CAC482861C84209E00059FDD /* Home-Item1.png */ = {isa = PBXFileReference; lastKnownFileType = image.png; name = "Home-Item1.png"; path = "images/Home/Home-Item1.png"; sourceTree = "<group>"; };
		CAC482871C84209E00059FDD /* Home-Item2.png */ = {isa = PBXFileReference; lastKnownFileType = image.png; name = "Home-Item2.png"; path = "images/Home/Home-Item2.png"; sourceTree = "<group>"; };
		CADD3C3F1C7E46030085F014 /* todo.app */ = {isa = PBXFileReference; explicitFileType = wrapper.application; includeInIndex = 0; path = todo.app; sourceTree = BUILT_PRODUCTS_DIR; };
		CADD3C491C7E46030085F014 /* Assets.xcassets */ = {isa = PBXFileReference; lastKnownFileType = folder.assetcatalog; path = Assets.xcassets; sourceTree = "<group>"; };
		CADD3C4C1C7E46030085F014 /* Base */ = {isa = PBXFileReference; lastKnownFileType = file.storyboard; name = Base; path = Base.lproj/LaunchScreen.storyboard; sourceTree = "<group>"; };
		CADD3C4E1C7E46030085F014 /* Info.plist */ = {isa = PBXFileReference; lastKnownFileType = text.plist.xml; path = Info.plist; sourceTree = "<group>"; };
		CADD3C531C7E46030085F014 /* todoTests.xctest */ = {isa = PBXFileReference; explicitFileType = wrapper.cfbundle; includeInIndex = 0; path = todoTests.xctest; sourceTree = BUILT_PRODUCTS_DIR; };
		CADD3C571C7E46030085F014 /* todoTests.swift */ = {isa = PBXFileReference; lastKnownFileType = sourcecode.swift; path = todoTests.swift; sourceTree = "<group>"; };
		CADD3C591C7E46030085F014 /* Info.plist */ = {isa = PBXFileReference; lastKnownFileType = text.plist.xml; path = Info.plist; sourceTree = "<group>"; };
		CADD3C5E1C7E46030085F014 /* todoUITests.xctest */ = {isa = PBXFileReference; explicitFileType = wrapper.cfbundle; includeInIndex = 0; path = todoUITests.xctest; sourceTree = BUILT_PRODUCTS_DIR; };
		CADD3C621C7E46030085F014 /* todoUITests.swift */ = {isa = PBXFileReference; lastKnownFileType = sourcecode.swift; path = todoUITests.swift; sourceTree = "<group>"; };
		CADD3C641C7E46030085F014 /* Info.plist */ = {isa = PBXFileReference; lastKnownFileType = text.plist.xml; path = Info.plist; sourceTree = "<group>"; };
		D5618CBE1DE39FAE33E6B2AE /* Pods.debug.xcconfig */ = {isa = PBXFileReference; includeInIndex = 1; lastKnownFileType = text.xcconfig; name = Pods.debug.xcconfig; path = "Pods/Target Support Files/Pods/Pods.debug.xcconfig"; sourceTree = "<group>"; };
/* End PBXFileReference section */

/* Begin PBXFrameworksBuildPhase section */
		CADD3C3C1C7E46030085F014 /* Frameworks */ = {
			isa = PBXFrameworksBuildPhase;
			buildActionMask = 2147483647;
			files = (
				C477A84576E3A26F2C5FCC88 /* Pods.framework in Frameworks */,
			);
			runOnlyForDeploymentPostprocessing = 0;
		};
		CADD3C501C7E46030085F014 /* Frameworks */ = {
			isa = PBXFrameworksBuildPhase;
			buildActionMask = 2147483647;
			files = (
			);
			runOnlyForDeploymentPostprocessing = 0;
		};
		CADD3C5B1C7E46030085F014 /* Frameworks */ = {
			isa = PBXFrameworksBuildPhase;
			buildActionMask = 2147483647;
			files = (
			);
			runOnlyForDeploymentPostprocessing = 0;
		};
/* End PBXFrameworksBuildPhase section */

/* Begin PBXGroup section */
		0435DD611C85709C009D3245 /* Login */ = {
			isa = PBXGroup;
			children = (
				CA7B01681C9515D40001D0F4 /* LoginScreenBg.jpg */,
				CA7B01691C9515D40001D0F4 /* LoginButton.png */,
				CA7B016A1C9515D40001D0F4 /* SignUpButton.png */,
				CA7B016B1C9515D40001D0F4 /* TodoLogo_Teal.png */,
				CA7B016C1C9515D40001D0F4 /* TodoLogo_White.png */,
				CA7B00D81C9505FF0001D0F4 /* LoginScreenBg2.jpg */,
				CA7B00D91C9505FF0001D0F4 /* LoginButton2.png */,
				CA7B00DA1C9505FF0001D0F4 /* SignUpButton2.png */,
				CA7B00DB1C9505FF0001D0F4 /* TodoSlogan_LightGray.png */,
			);
			name = Login;
			sourceTree = "<group>";
		};
		04B6C3261C865E6E00BA7882 /* Profile */ = {
			isa = PBXGroup;
			children = (
				874A95221CD3BB600060AC87 /* dotIcon.png */,
				874A95201CD3BB470060AC87 /* emailIcon.png */,
				CA7B00CA1C9504C90001D0F4 /* DefaultProfilePhoto.png */,
				CA7B00CB1C9504C90001D0F4 /* DotsBalance_Profile.png */,
				CA7B00CC1C9504C90001D0F4 /* EmailButton_Profile.png */,
				CA7B00CD1C9504C90001D0F4 /* FrequentActivity_Profile.png */,
				CA7B00CE1C9504C90001D0F4 /* MinimalActivity_Profile.png */,
				CA7B00CF1C9504C90001D0F4 /* ModerateActivity_Profile.png */,
				CA7B00D01C9504C90001D0F4 /* StudentProfileTestPhoto.png */,
			);
			name = Profile;
			sourceTree = "<group>";
		};
		41835B598CA1DFBFD73BBDF5 /* Pods */ = {
			isa = PBXGroup;
			children = (
				D5618CBE1DE39FAE33E6B2AE /* Pods.debug.xcconfig */,
				B95B17BA7525CA57F61545CA /* Pods.release.xcconfig */,
			);
			name = Pods;
			sourceTree = "<group>";
		};
		8782F70B1C8D3EE300922859 /* storyboards */ = {
			isa = PBXGroup;
			children = (
				C6FE54011CC9C4410042E585 /* Settings.storyboard */,
				CADD3C4B1C7E46030085F014 /* LaunchScreen.storyboard */,
				CAC137C21C85548B00586487 /* Main.storyboard */,
				CA7B013A1C9509530001D0F4 /* SignUp.storyboard */,
				CA7B01321C9509530001D0F4 /* Home.storyboard */,
				CA7B01301C9509530001D0F4 /* History.storyboard */,
				CA7B01341C9509530001D0F4 /* Notifications.storyboard */,
				CA7B01361C9509530001D0F4 /* Profile.storyboard */,
			);
			name = storyboards;
			sourceTree = "<group>";
		};
		8782F70C1C8D3F3600922859 /* Notifications */ = {
			isa = PBXGroup;
			children = (
				CA7B017C1C951AF20001D0F4 /* Notification.swift */,
				CA7B017D1C951AF20001D0F4 /* NotificationsTableViewController.swift */,
				CA7B01861C951AF20001D0F4 /* StandardNotificationTableViewCell.swift */,
				CA7B01831C951AF20001D0F4 /* RequestNotificationTableViewCell.swift */,
				CA7B01841C951AF20001D0F4 /* RequestPoolTableViewCell.swift */,
				CA7B01851C951AF20001D0F4 /* RequestPoolTableViewController.swift */,
				874A95191CD08A290060AC87 /* BalanceUpdateTableViewCell.swift */,
			);
			name = Notifications;
			sourceTree = "<group>";
		};
		87D0E32F1CAB23CC009261CC /* History */ = {
			isa = PBXGroup;
			children = (
				87D0E3301CAB23F2009261CC /* HistoryTableViewCell.swift */,
				87D0E3341CAB2680009261CC /* HistoryTableViewController.swift */,
				879193871CB5BA8300F5A08D /* UserPhotoButton.swift */,
			);
			name = History;
			sourceTree = "<group>";
		};
		CA2A50F71C8533BC000E2E94 /* History */ = {
			isa = PBXGroup;
			children = (
				87D47D121CD3BD2F003E6254 /* GainedDotsBg.png */,
				87D47D141CD3BD36003E6254 /* SpentDotsBg.png */,
				CAC137CA1C855D8E00586487 /* History Example.png */,
				CAC137CB1C855D8E00586487 /* HistoryExample.png */,
				CAC137CC1C855D8E00586487 /* Location.png */,
				CAC137CD1C855D8E00586487 /* user1.png */,
				CAC137CE1C855D8E00586487 /* user2.png */,
				CAC137CF1C855D8E00586487 /* user3.png */,
			);
			name = History;
			sourceTree = "<group>";
		};
		CA7B01721C95169D0001D0F4 /* Notifications */ = {
			isa = PBXGroup;
			children = (
				CA7B01731C9516E50001D0F4 /* LocationIcon.png */,
			);
			name = Notifications;
			sourceTree = "<group>";
		};
		CA7B01751C951A870001D0F4 /* src */ = {
			isa = PBXGroup;
			children = (
				CA7B01771C951AF20001D0F4 /* AppDelegate.swift */,
				87D0E32F1CAB23CC009261CC /* History */,
				CA7B01AA1C97836A0001D0F4 /* Home */,
				CA7B01A91C951D470001D0F4 /* Registration */,
				8782F70C1C8D3F3600922859 /* Notifications */,
				CA7B017B1C951AF20001D0F4 /* LoginViewController.swift */,
				CA7B01801C951AF20001D0F4 /* ProfileViewController.swift */,
				CA7B01871C951AF20001D0F4 /* StreamReader.swift */,
				CA7B01781C951AF20001D0F4 /* DataManager.swift */,
				CA040A941CA32EA900E06C37 /* CourseSelectionProtocol.swift */,
				C6FE53FF1CC9C4060042E585 /* SettingTableViewController.swift */,
			);
			name = src;
			sourceTree = "<group>";
		};
		CA7B01A01C951CAD0001D0F4 /* docs */ = {
			isa = PBXGroup;
			children = (
				CA7B01A11C951CCC0001D0F4 /* UTCSCourses.json */,
				CA7B01A21C951CCC0001D0F4 /* CS_Lower.txt */,
				CA7B01A31C951CCC0001D0F4 /* CS_Upper.txt */,
				CA7B01A41C951CCC0001D0F4 /* UTCS_Course_schedule.txt */,
			);
			name = docs;
			sourceTree = "<group>";
		};
		CA7B01A91C951D470001D0F4 /* Registration */ = {
			isa = PBXGroup;
			children = (
				CAB160A61CB861C100C0FD41 /* RegistrationTableViewController.swift */,
				CAB160A31CB85D1600C0FD41 /* CourseCollectionViewCell.swift */,
			);
			name = Registration;
			sourceTree = "<group>";
		};
		CA7B01AA1C97836A0001D0F4 /* Home */ = {
			isa = PBXGroup;
			children = (
				CA7B01791C951AF20001D0F4 /* HomeViewController.swift */,
				CA7B01C71C980D0A0001D0F4 /* RequestHelpViewController.swift */,
				CA7B01F21C981A450001D0F4 /* CoursesListView.swift */,
				CA040A891CA31B7800E06C37 /* RequesterStartSessionViewController.swift */,
				CA040A8A1CA31B7800E06C37 /* RequesterTutoringSessionViewController.swift */,
				CA040A901CA328E300E06C37 /* TutorWaitingViewController.swift */,
				CA040A8B1CA31B7800E06C37 /* TutorTutoringSessionViewController.swift */,
				CA7B01C31C97B4DC0001D0F4 /* ChartViewController.swift */,
				CAB160961CB3537600C0FD41 /* TimerAndDotsCounter.swift */,
			);
			name = Home;
			sourceTree = "<group>";
		};
		CAB102021C8442D400033929 /* General */ = {
			isa = PBXGroup;
			children = (
				8780982A1C86BF88005DDE9E /* LocationIcon.png */,
				04B6C3211C85786C00BA7882 /* TodoLogo_Teal.png */,
				04B6C3221C85786C00BA7882 /* TodoLogo_White.png */,
				CAB102031C8442E600033929 /* logout.png */,
			);
			name = General;
			sourceTree = "<group>";
		};
		CAC482541C83D90B00059FDD /* Tab Icons */ = {
			isa = PBXGroup;
			children = (
				CAC482761C83F85A00059FDD /* HistoryTabIcon_Teal.png */,
				CAC482771C83F85A00059FDD /* HomeTabIcon_Teal.png */,
				CAC482781C83F85A00059FDD /* NotificationsTabIcon_Teal.png */,
				CAC482791C83F85A00059FDD /* ProfileTabIcon_Teal.png */,
				CAC4827A1C83F85A00059FDD /* SettingsTabIcon_Teal.png */,
				CAC482551C83D92600059FDD /* HistoryTabIcon_Black.png */,
				CAC482571C83D92600059FDD /* HomeTabIcon_Black.png */,
				CAC482591C83D92600059FDD /* NotificationsTabIcon_Black.png */,
				CAC4825B1C83D92600059FDD /* ProfileTabIcon_Black.png */,
				CAC4825D1C83D92600059FDD /* SettingsTabIcon_Black.png */,
			);
			name = "Tab Icons";
			sourceTree = "<group>";
		};
		CAC482691C83F44A00059FDD /* fonts */ = {
			isa = PBXGroup;
			children = (
				CAC4826B1C83F47300059FDD /* maiandra-gd */,
				CAC4826A1C83F45800059FDD /* segoe-ui */,
			);
			name = fonts;
			sourceTree = "<group>";
		};
		CAC4826A1C83F45800059FDD /* segoe-ui */ = {
			isa = PBXGroup;
			children = (
				CAC482821C83FED800059FDD /* SEGOEUI.TTF */,
				CAC4826D1C83F49A00059FDD /* SEGOEUIB.TTF */,
				CAC4826E1C83F49A00059FDD /* segoeuii.ttf */,
				CAC4826F1C83F49A00059FDD /* SEGOEUIZ.TTF */,
			);
			name = "segoe-ui";
			sourceTree = "<group>";
		};
		CAC4826B1C83F47300059FDD /* maiandra-gd */ = {
			isa = PBXGroup;
			children = (
				CAC482741C83F4A900059FDD /* Maiandra GD Regular.ttf */,
			);
			name = "maiandra-gd";
			sourceTree = "<group>";
		};
		CAC482841C84208600059FDD /* Home */ = {
			isa = PBXGroup;
			children = (
				CA8B11841C86A00B0039D8F3 /* Home Analitics2.png */,
				CA2A50F51C8528AD000E2E94 /* Home Analitics1.png */,
				CAB102051C844FA500033929 /* user-pic.png */,
				CAC482851C84209E00059FDD /* Home Analitics.png */,
				CAC482861C84209E00059FDD /* Home-Item1.png */,
				CAC482871C84209E00059FDD /* Home-Item2.png */,
			);
			name = Home;
			sourceTree = "<group>";
		};
		CADD3C361C7E46020085F014 = {
			isa = PBXGroup;
			children = (
				CADD3C411C7E46030085F014 /* todo */,
				CADD3C561C7E46030085F014 /* todoTests */,
				CADD3C611C7E46030085F014 /* todoUITests */,
				CADD3C401C7E46030085F014 /* Products */,
				41835B598CA1DFBFD73BBDF5 /* Pods */,
				DA1A7DCB3A8DFFF3FFA0E2FA /* Frameworks */,
			);
			sourceTree = "<group>";
		};
		CADD3C401C7E46030085F014 /* Products */ = {
			isa = PBXGroup;
			children = (
				CADD3C3F1C7E46030085F014 /* todo.app */,
				CADD3C531C7E46030085F014 /* todoTests.xctest */,
				CADD3C5E1C7E46030085F014 /* todoUITests.xctest */,
			);
			name = Products;
			sourceTree = "<group>";
		};
		CADD3C411C7E46030085F014 /* todo */ = {
			isa = PBXGroup;
			children = (
				CA7B01751C951A870001D0F4 /* src */,
				8782F70B1C8D3EE300922859 /* storyboards */,
				CADD3C701C7E4E7B0085F014 /* images */,
				CAC482691C83F44A00059FDD /* fonts */,
				CA7B01A01C951CAD0001D0F4 /* docs */,
				CADD3C491C7E46030085F014 /* Assets.xcassets */,
				CADD3C4E1C7E46030085F014 /* Info.plist */,
			);
			path = todo;
			sourceTree = "<group>";
		};
		CADD3C561C7E46030085F014 /* todoTests */ = {
			isa = PBXGroup;
			children = (
				CADD3C571C7E46030085F014 /* todoTests.swift */,
				CADD3C591C7E46030085F014 /* Info.plist */,
			);
			path = todoTests;
			sourceTree = "<group>";
		};
		CADD3C611C7E46030085F014 /* todoUITests */ = {
			isa = PBXGroup;
			children = (
				CADD3C621C7E46030085F014 /* todoUITests.swift */,
				CADD3C641C7E46030085F014 /* Info.plist */,
			);
			path = todoUITests;
			sourceTree = "<group>";
		};
		CADD3C701C7E4E7B0085F014 /* images */ = {
			isa = PBXGroup;
			children = (
				99A41DD21CD15A6000F2A920 /* todo-icon.png */,
				87D47D1C1CD4047A003E6254 /* TodoAppIcon_White.png */,
				87D47D1A1CD40474003E6254 /* TodoAppIcon_Teal.png */,
				CA7B01721C95169D0001D0F4 /* Notifications */,
				04B6C3261C865E6E00BA7882 /* Profile */,
				0435DD611C85709C009D3245 /* Login */,
				CA2A50F71C8533BC000E2E94 /* History */,
				CAB102021C8442D400033929 /* General */,
				CAC482841C84208600059FDD /* Home */,
				CAC482541C83D90B00059FDD /* Tab Icons */,
			);
			name = images;
			sourceTree = "<group>";
		};
		DA1A7DCB3A8DFFF3FFA0E2FA /* Frameworks */ = {
			isa = PBXGroup;
			children = (
				8C38DF7D0F490F56A7AA3F93 /* Pods.framework */,
			);
			name = Frameworks;
			sourceTree = "<group>";
		};
/* End PBXGroup section */

/* Begin PBXNativeTarget section */
		CADD3C3E1C7E46030085F014 /* todo */ = {
			isa = PBXNativeTarget;
			buildConfigurationList = CADD3C671C7E46030085F014 /* Build configuration list for PBXNativeTarget "todo" */;
			buildPhases = (
				8DD35B263C99900ABE1754B7 /* Check Pods Manifest.lock */,
				CADD3C3B1C7E46030085F014 /* Sources */,
				CADD3C3C1C7E46030085F014 /* Frameworks */,
				CADD3C3D1C7E46030085F014 /* Resources */,
				BB9ED2FA4D7810A618651D65 /* Embed Pods Frameworks */,
				6DBEDA66C4F3DF87C7350062 /* Copy Pods Resources */,
				CA7B01BE1C9788340001D0F4 /* Embed Frameworks */,
			);
			buildRules = (
			);
			dependencies = (
			);
			name = todo;
			productName = todo;
			productReference = CADD3C3F1C7E46030085F014 /* todo.app */;
			productType = "com.apple.product-type.application";
		};
		CADD3C521C7E46030085F014 /* todoTests */ = {
			isa = PBXNativeTarget;
			buildConfigurationList = CADD3C6A1C7E46030085F014 /* Build configuration list for PBXNativeTarget "todoTests" */;
			buildPhases = (
				CADD3C4F1C7E46030085F014 /* Sources */,
				CADD3C501C7E46030085F014 /* Frameworks */,
				CADD3C511C7E46030085F014 /* Resources */,
			);
			buildRules = (
			);
			dependencies = (
				CADD3C551C7E46030085F014 /* PBXTargetDependency */,
			);
			name = todoTests;
			productName = todoTests;
			productReference = CADD3C531C7E46030085F014 /* todoTests.xctest */;
			productType = "com.apple.product-type.bundle.unit-test";
		};
		CADD3C5D1C7E46030085F014 /* todoUITests */ = {
			isa = PBXNativeTarget;
			buildConfigurationList = CADD3C6D1C7E46030085F014 /* Build configuration list for PBXNativeTarget "todoUITests" */;
			buildPhases = (
				CADD3C5A1C7E46030085F014 /* Sources */,
				CADD3C5B1C7E46030085F014 /* Frameworks */,
				CADD3C5C1C7E46030085F014 /* Resources */,
			);
			buildRules = (
			);
			dependencies = (
				CADD3C601C7E46030085F014 /* PBXTargetDependency */,
			);
			name = todoUITests;
			productName = todoUITests;
			productReference = CADD3C5E1C7E46030085F014 /* todoUITests.xctest */;
			productType = "com.apple.product-type.bundle.ui-testing";
		};
/* End PBXNativeTarget section */

/* Begin PBXProject section */
		CADD3C371C7E46030085F014 /* Project object */ = {
			isa = PBXProject;
			attributes = {
				LastSwiftUpdateCheck = 0720;
				LastUpgradeCheck = 0720;
				ORGANIZATIONNAME = cs378;
				TargetAttributes = {
					CADD3C3E1C7E46030085F014 = {
						CreatedOnToolsVersion = 7.2.1;
						DevelopmentTeam = 8YWW2795B4;
					};
					CADD3C521C7E46030085F014 = {
						CreatedOnToolsVersion = 7.2.1;
						DevelopmentTeam = 8YWW2795B4;
						TestTargetID = CADD3C3E1C7E46030085F014;
					};
					CADD3C5D1C7E46030085F014 = {
						CreatedOnToolsVersion = 7.2.1;
						DevelopmentTeam = 8YWW2795B4;
						TestTargetID = CADD3C3E1C7E46030085F014;
					};
				};
			};
			buildConfigurationList = CADD3C3A1C7E46030085F014 /* Build configuration list for PBXProject "todo" */;
			compatibilityVersion = "Xcode 3.2";
			developmentRegion = English;
			hasScannedForEncodings = 0;
			knownRegions = (
				en,
				Base,
			);
			mainGroup = CADD3C361C7E46020085F014;
			productRefGroup = CADD3C401C7E46030085F014 /* Products */;
			projectDirPath = "";
			projectRoot = "";
			targets = (
				CADD3C3E1C7E46030085F014 /* todo */,
				CADD3C521C7E46030085F014 /* todoTests */,
				CADD3C5D1C7E46030085F014 /* todoUITests */,
			);
		};
/* End PBXProject section */

/* Begin PBXResourcesBuildPhase section */
		CADD3C3D1C7E46030085F014 /* Resources */ = {
			isa = PBXResourcesBuildPhase;
			buildActionMask = 2147483647;
			files = (
				CA7B01A61C951CCC0001D0F4 /* CS_Lower.txt in Resources */,
				CA7B00DE1C9505FF0001D0F4 /* SignUpButton2.png in Resources */,
				CAC137D31C855D8E00586487 /* user1.png in Resources */,
				CA8B11851C86A00B0039D8F3 /* Home Analitics2.png in Resources */,
				CA7B00D61C9504C90001D0F4 /* ModerateActivity_Profile.png in Resources */,
				CA7B00D21C9504C90001D0F4 /* DotsBalance_Profile.png in Resources */,
				CA7B01A71C951CCC0001D0F4 /* CS_Upper.txt in Resources */,
				CA7B016F1C9515D40001D0F4 /* SignUpButton.png in Resources */,
				CA7B00D31C9504C90001D0F4 /* EmailButton_Profile.png in Resources */,
				CAB102041C8442E600033929 /* logout.png in Resources */,
				CAC482611C83D92600059FDD /* HomeTabIcon_Black.png in Resources */,
				CAC482631C83D92600059FDD /* NotificationsTabIcon_Black.png in Resources */,
				CAC137D01C855D8E00586487 /* History Example.png in Resources */,
				CAC137D51C855D8E00586487 /* user3.png in Resources */,
				CA7B013E1C9509530001D0F4 /* Notifications.storyboard in Resources */,
				CA7B013C1C9509530001D0F4 /* History.storyboard in Resources */,
				CAC482651C83D92600059FDD /* ProfileTabIcon_Black.png in Resources */,
				CAC4827B1C83F85A00059FDD /* HistoryTabIcon_Teal.png in Resources */,
				CAC4827C1C83F85A00059FDD /* HomeTabIcon_Teal.png in Resources */,
				CA7B00D71C9504C90001D0F4 /* StudentProfileTestPhoto.png in Resources */,
				CAB102061C844FA500033929 /* user-pic.png in Resources */,
				CA7B016D1C9515D40001D0F4 /* LoginScreenBg.jpg in Resources */,
				CAC482721C83F49A00059FDD /* segoeuii.ttf in Resources */,
				CAC482751C83F4A900059FDD /* Maiandra GD Regular.ttf in Resources */,
				CAC137D21C855D8E00586487 /* Location.png in Resources */,
				CA7B013D1C9509530001D0F4 /* Home.storyboard in Resources */,
				87D47D131CD3BD2F003E6254 /* GainedDotsBg.png in Resources */,
				CA7B01701C9515D40001D0F4 /* TodoLogo_Teal.png in Resources */,
				CA7B01711C9515D40001D0F4 /* TodoLogo_White.png in Resources */,
				CADD3C4D1C7E46030085F014 /* LaunchScreen.storyboard in Resources */,
				CA7B01741C9516E50001D0F4 /* LocationIcon.png in Resources */,
				99A41DD31CD15A6000F2A920 /* todo-icon.png in Resources */,
				CA7B00D11C9504C90001D0F4 /* DefaultProfilePhoto.png in Resources */,
				CAC482801C83FED800059FDD /* SEGOEUI.TTF in Resources */,
				CA7B00DF1C9505FF0001D0F4 /* TodoSlogan_LightGray.png in Resources */,
				CA7B01411C9509530001D0F4 /* SignUp.storyboard in Resources */,
				87D47D151CD3BD36003E6254 /* SpentDotsBg.png in Resources */,
				CA2A50F61C8528AD000E2E94 /* Home Analitics1.png in Resources */,
				CA7B016E1C9515D40001D0F4 /* LoginButton.png in Resources */,
				CA7B01A81C951CCC0001D0F4 /* UTCS_Course_schedule.txt in Resources */,
				CA7B013F1C9509530001D0F4 /* Profile.storyboard in Resources */,
				C6FE54021CC9C4410042E585 /* Settings.storyboard in Resources */,
				CA7B00DC1C9505FF0001D0F4 /* LoginScreenBg2.jpg in Resources */,
				CA7B01A51C951CCC0001D0F4 /* UTCSCourses.json in Resources */,
				87D47D1B1CD40474003E6254 /* TodoAppIcon_Teal.png in Resources */,
				CAC4825F1C83D92600059FDD /* HistoryTabIcon_Black.png in Resources */,
				CAC482711C83F49A00059FDD /* SEGOEUIB.TTF in Resources */,
				CADD3C4A1C7E46030085F014 /* Assets.xcassets in Resources */,
				CAC482731C83F49A00059FDD /* SEGOEUIZ.TTF in Resources */,
				874A95211CD3BB470060AC87 /* emailIcon.png in Resources */,
				CAC4828A1C84209E00059FDD /* Home-Item2.png in Resources */,
				87D47D1D1CD4047A003E6254 /* TodoAppIcon_White.png in Resources */,
				CAC137D11C855D8E00586487 /* HistoryExample.png in Resources */,
				CAC4827E1C83F85A00059FDD /* ProfileTabIcon_Teal.png in Resources */,
				CA7B00D51C9504C90001D0F4 /* MinimalActivity_Profile.png in Resources */,
				CAC482671C83D92600059FDD /* SettingsTabIcon_Black.png in Resources */,
				CAC4827F1C83F85A00059FDD /* SettingsTabIcon_Teal.png in Resources */,
				CA7B00DD1C9505FF0001D0F4 /* LoginButton2.png in Resources */,
				CAC137C41C85548B00586487 /* Main.storyboard in Resources */,
				CAC482881C84209E00059FDD /* Home Analitics.png in Resources */,
				CAC137D41C855D8E00586487 /* user2.png in Resources */,
				CAC4827D1C83F85A00059FDD /* NotificationsTabIcon_Teal.png in Resources */,
				CA7B00D41C9504C90001D0F4 /* FrequentActivity_Profile.png in Resources */,
				CAC482891C84209E00059FDD /* Home-Item1.png in Resources */,
				874A95231CD3BB600060AC87 /* dotIcon.png in Resources */,
			);
			runOnlyForDeploymentPostprocessing = 0;
		};
		CADD3C511C7E46030085F014 /* Resources */ = {
			isa = PBXResourcesBuildPhase;
			buildActionMask = 2147483647;
			files = (
			);
			runOnlyForDeploymentPostprocessing = 0;
		};
		CADD3C5C1C7E46030085F014 /* Resources */ = {
			isa = PBXResourcesBuildPhase;
			buildActionMask = 2147483647;
			files = (
			);
			runOnlyForDeploymentPostprocessing = 0;
		};
/* End PBXResourcesBuildPhase section */

/* Begin PBXShellScriptBuildPhase section */
		6DBEDA66C4F3DF87C7350062 /* Copy Pods Resources */ = {
			isa = PBXShellScriptBuildPhase;
			buildActionMask = 2147483647;
			files = (
			);
			inputPaths = (
			);
			name = "Copy Pods Resources";
			outputPaths = (
			);
			runOnlyForDeploymentPostprocessing = 0;
			shellPath = /bin/sh;
			shellScript = "\"${SRCROOT}/Pods/Target Support Files/Pods/Pods-resources.sh\"\n";
			showEnvVarsInLog = 0;
		};
		8DD35B263C99900ABE1754B7 /* Check Pods Manifest.lock */ = {
			isa = PBXShellScriptBuildPhase;
			buildActionMask = 2147483647;
			files = (
			);
			inputPaths = (
			);
			name = "Check Pods Manifest.lock";
			outputPaths = (
			);
			runOnlyForDeploymentPostprocessing = 0;
			shellPath = /bin/sh;
			shellScript = "diff \"${PODS_ROOT}/../Podfile.lock\" \"${PODS_ROOT}/Manifest.lock\" > /dev/null\nif [[ $? != 0 ]] ; then\n    cat << EOM\nerror: The sandbox is not in sync with the Podfile.lock. Run 'pod install' or update your CocoaPods installation.\nEOM\n    exit 1\nfi\n";
			showEnvVarsInLog = 0;
		};
		BB9ED2FA4D7810A618651D65 /* Embed Pods Frameworks */ = {
			isa = PBXShellScriptBuildPhase;
			buildActionMask = 2147483647;
			files = (
			);
			inputPaths = (
			);
			name = "Embed Pods Frameworks";
			outputPaths = (
			);
			runOnlyForDeploymentPostprocessing = 0;
			shellPath = /bin/sh;
			shellScript = "\"${SRCROOT}/Pods/Target Support Files/Pods/Pods-frameworks.sh\"\n";
			showEnvVarsInLog = 0;
		};
/* End PBXShellScriptBuildPhase section */

/* Begin PBXSourcesBuildPhase section */
		CADD3C3B1C7E46030085F014 /* Sources */ = {
			isa = PBXSourcesBuildPhase;
			buildActionMask = 2147483647;
			files = (
				CA7B01901C951AF20001D0F4 /* LoginViewController.swift in Sources */,
				CA7B018E1C951AF20001D0F4 /* HomeViewController.swift in Sources */,
				CA7B01921C951AF20001D0F4 /* NotificationsTableViewController.swift in Sources */,
				CAB160A51CB85D1600C0FD41 /* CourseCollectionViewCell.swift in Sources */,
				87D0E3311CAB23F2009261CC /* HistoryTableViewCell.swift in Sources */,
				CA7B01F31C981A450001D0F4 /* CoursesListView.swift in Sources */,
				CAB160971CB3537600C0FD41 /* TimerAndDotsCounter.swift in Sources */,
				CA040A8E1CA31B7800E06C37 /* RequesterTutoringSessionViewController.swift in Sources */,
				CA7B01C81C980D0A0001D0F4 /* RequestHelpViewController.swift in Sources */,
				C6FE54001CC9C4060042E585 /* SettingTableViewController.swift in Sources */,
				CA7B018D1C951AF20001D0F4 /* DataManager.swift in Sources */,
				CAB160A71CB861C100C0FD41 /* RegistrationTableViewController.swift in Sources */,
				CA040A8F1CA31B7800E06C37 /* TutorTutoringSessionViewController.swift in Sources */,
				CA7B01951C951AF20001D0F4 /* ProfileViewController.swift in Sources */,
				874A951A1CD08A290060AC87 /* BalanceUpdateTableViewCell.swift in Sources */,
				CA040A911CA328E300E06C37 /* TutorWaitingViewController.swift in Sources */,
				87D0E3351CAB2680009261CC /* HistoryTableViewController.swift in Sources */,
				CA7B01981C951AF20001D0F4 /* RequestNotificationTableViewCell.swift in Sources */,
				CA7B019B1C951AF20001D0F4 /* StandardNotificationTableViewCell.swift in Sources */,
				CA040A951CA32EA900E06C37 /* CourseSelectionProtocol.swift in Sources */,
				CA7B019C1C951AF20001D0F4 /* StreamReader.swift in Sources */,
				CA040A8D1CA31B7800E06C37 /* RequesterStartSessionViewController.swift in Sources */,
				879193881CB5BA8300F5A08D /* UserPhotoButton.swift in Sources */,
				CA7B01911C951AF20001D0F4 /* Notification.swift in Sources */,
				CA7B018C1C951AF20001D0F4 /* AppDelegate.swift in Sources */,
				CA7B01C41C97B4DC0001D0F4 /* ChartViewController.swift in Sources */,
			);
			runOnlyForDeploymentPostprocessing = 0;
		};
		CADD3C4F1C7E46030085F014 /* Sources */ = {
			isa = PBXSourcesBuildPhase;
			buildActionMask = 2147483647;
			files = (
				CADD3C581C7E46030085F014 /* todoTests.swift in Sources */,
			);
			runOnlyForDeploymentPostprocessing = 0;
		};
		CADD3C5A1C7E46030085F014 /* Sources */ = {
			isa = PBXSourcesBuildPhase;
			buildActionMask = 2147483647;
			files = (
				CADD3C631C7E46030085F014 /* todoUITests.swift in Sources */,
			);
			runOnlyForDeploymentPostprocessing = 0;
		};
/* End PBXSourcesBuildPhase section */

/* Begin PBXTargetDependency section */
		CADD3C551C7E46030085F014 /* PBXTargetDependency */ = {
			isa = PBXTargetDependency;
			target = CADD3C3E1C7E46030085F014 /* todo */;
			targetProxy = CADD3C541C7E46030085F014 /* PBXContainerItemProxy */;
		};
		CADD3C601C7E46030085F014 /* PBXTargetDependency */ = {
			isa = PBXTargetDependency;
			target = CADD3C3E1C7E46030085F014 /* todo */;
			targetProxy = CADD3C5F1C7E46030085F014 /* PBXContainerItemProxy */;
		};
/* End PBXTargetDependency section */

/* Begin PBXVariantGroup section */
		CA7B01301C9509530001D0F4 /* History.storyboard */ = {
			isa = PBXVariantGroup;
			children = (
				CA7B01311C9509530001D0F4 /* Base */,
			);
			name = History.storyboard;
			sourceTree = "<group>";
		};
		CA7B01321C9509530001D0F4 /* Home.storyboard */ = {
			isa = PBXVariantGroup;
			children = (
				CA7B01331C9509530001D0F4 /* Base */,
			);
			name = Home.storyboard;
			sourceTree = "<group>";
		};
		CA7B01341C9509530001D0F4 /* Notifications.storyboard */ = {
			isa = PBXVariantGroup;
			children = (
				CA7B01351C9509530001D0F4 /* Base */,
			);
			name = Notifications.storyboard;
			sourceTree = "<group>";
		};
		CA7B01361C9509530001D0F4 /* Profile.storyboard */ = {
			isa = PBXVariantGroup;
			children = (
				CA7B01371C9509530001D0F4 /* Base */,
			);
			name = Profile.storyboard;
			sourceTree = "<group>";
		};
		CA7B013A1C9509530001D0F4 /* SignUp.storyboard */ = {
			isa = PBXVariantGroup;
			children = (
				CA7B013B1C9509530001D0F4 /* Base */,
			);
			name = SignUp.storyboard;
			sourceTree = "<group>";
		};
		CAC137C21C85548B00586487 /* Main.storyboard */ = {
			isa = PBXVariantGroup;
			children = (
				CAC137C31C85548B00586487 /* Base */,
			);
			name = Main.storyboard;
			sourceTree = "<group>";
		};
		CAC482821C83FED800059FDD /* SEGOEUI.TTF */ = {
			isa = PBXVariantGroup;
			children = (
				CAC482831C83FEE500059FDD /* Base */,
			);
			name = SEGOEUI.TTF;
			path = "fonts/segoe-ui";
			sourceTree = "<group>";
		};
		CADD3C4B1C7E46030085F014 /* LaunchScreen.storyboard */ = {
			isa = PBXVariantGroup;
			children = (
				CADD3C4C1C7E46030085F014 /* Base */,
			);
			name = LaunchScreen.storyboard;
			sourceTree = "<group>";
		};
/* End PBXVariantGroup section */

/* Begin XCBuildConfiguration section */
		CADD3C651C7E46030085F014 /* Debug */ = {
			isa = XCBuildConfiguration;
			buildSettings = {
				ALWAYS_SEARCH_USER_PATHS = NO;
				CLANG_CXX_LANGUAGE_STANDARD = "gnu++0x";
				CLANG_CXX_LIBRARY = "libc++";
				CLANG_ENABLE_MODULES = YES;
				CLANG_ENABLE_OBJC_ARC = YES;
				CLANG_WARN_BOOL_CONVERSION = YES;
				CLANG_WARN_CONSTANT_CONVERSION = YES;
				CLANG_WARN_DIRECT_OBJC_ISA_USAGE = YES_ERROR;
				CLANG_WARN_EMPTY_BODY = YES;
				CLANG_WARN_ENUM_CONVERSION = YES;
				CLANG_WARN_INT_CONVERSION = YES;
				CLANG_WARN_OBJC_ROOT_CLASS = YES_ERROR;
				CLANG_WARN_UNREACHABLE_CODE = YES;
				CLANG_WARN__DUPLICATE_METHOD_MATCH = YES;
				"CODE_SIGN_IDENTITY[sdk=iphoneos*]" = "iPhone Developer";
				COPY_PHASE_STRIP = NO;
				DEBUG_INFORMATION_FORMAT = dwarf;
				ENABLE_STRICT_OBJC_MSGSEND = YES;
				ENABLE_TESTABILITY = YES;
				GCC_C_LANGUAGE_STANDARD = gnu99;
				GCC_DYNAMIC_NO_PIC = NO;
				GCC_NO_COMMON_BLOCKS = YES;
				GCC_OPTIMIZATION_LEVEL = 0;
				GCC_PREPROCESSOR_DEFINITIONS = (
					"DEBUG=1",
					"$(inherited)",
				);
				GCC_WARN_64_TO_32_BIT_CONVERSION = YES;
				GCC_WARN_ABOUT_RETURN_TYPE = YES_ERROR;
				GCC_WARN_UNDECLARED_SELECTOR = YES;
				GCC_WARN_UNINITIALIZED_AUTOS = YES_AGGRESSIVE;
				GCC_WARN_UNUSED_FUNCTION = YES;
				GCC_WARN_UNUSED_VARIABLE = YES;
				IPHONEOS_DEPLOYMENT_TARGET = 9.2;
				MTL_ENABLE_DEBUG_INFO = YES;
				ONLY_ACTIVE_ARCH = YES;
				SDKROOT = iphoneos;
				SWIFT_OPTIMIZATION_LEVEL = "-Onone";
				TARGETED_DEVICE_FAMILY = "1,2";
			};
			name = Debug;
		};
		CADD3C661C7E46030085F014 /* Release */ = {
			isa = XCBuildConfiguration;
			buildSettings = {
				ALWAYS_SEARCH_USER_PATHS = NO;
				CLANG_CXX_LANGUAGE_STANDARD = "gnu++0x";
				CLANG_CXX_LIBRARY = "libc++";
				CLANG_ENABLE_MODULES = YES;
				CLANG_ENABLE_OBJC_ARC = YES;
				CLANG_WARN_BOOL_CONVERSION = YES;
				CLANG_WARN_CONSTANT_CONVERSION = YES;
				CLANG_WARN_DIRECT_OBJC_ISA_USAGE = YES_ERROR;
				CLANG_WARN_EMPTY_BODY = YES;
				CLANG_WARN_ENUM_CONVERSION = YES;
				CLANG_WARN_INT_CONVERSION = YES;
				CLANG_WARN_OBJC_ROOT_CLASS = YES_ERROR;
				CLANG_WARN_UNREACHABLE_CODE = YES;
				CLANG_WARN__DUPLICATE_METHOD_MATCH = YES;
				"CODE_SIGN_IDENTITY[sdk=iphoneos*]" = "iPhone Developer";
				COPY_PHASE_STRIP = NO;
				DEBUG_INFORMATION_FORMAT = "dwarf-with-dsym";
				ENABLE_NS_ASSERTIONS = NO;
				ENABLE_STRICT_OBJC_MSGSEND = YES;
				GCC_C_LANGUAGE_STANDARD = gnu99;
				GCC_NO_COMMON_BLOCKS = YES;
				GCC_WARN_64_TO_32_BIT_CONVERSION = YES;
				GCC_WARN_ABOUT_RETURN_TYPE = YES_ERROR;
				GCC_WARN_UNDECLARED_SELECTOR = YES;
				GCC_WARN_UNINITIALIZED_AUTOS = YES_AGGRESSIVE;
				GCC_WARN_UNUSED_FUNCTION = YES;
				GCC_WARN_UNUSED_VARIABLE = YES;
				IPHONEOS_DEPLOYMENT_TARGET = 9.2;
				MTL_ENABLE_DEBUG_INFO = NO;
				SDKROOT = iphoneos;
				TARGETED_DEVICE_FAMILY = "1,2";
				VALIDATE_PRODUCT = YES;
			};
			name = Release;
		};
		CADD3C681C7E46030085F014 /* Debug */ = {
			isa = XCBuildConfiguration;
			baseConfigurationReference = D5618CBE1DE39FAE33E6B2AE /* Pods.debug.xcconfig */;
			buildSettings = {
				ASSETCATALOG_COMPILER_APPICON_NAME = AppIcon;
				EMBEDDED_CONTENT_CONTAINS_SWIFT = YES;
				INFOPLIST_FILE = todo/Info.plist;
				LD_RUNPATH_SEARCH_PATHS = "$(inherited) @executable_path/Frameworks";
				PRODUCT_BUNDLE_IDENTIFIER = "compact-cs378.todo";
				PRODUCT_NAME = "$(TARGET_NAME)";
			};
			name = Debug;
		};
		CADD3C691C7E46030085F014 /* Release */ = {
			isa = XCBuildConfiguration;
			baseConfigurationReference = B95B17BA7525CA57F61545CA /* Pods.release.xcconfig */;
			buildSettings = {
				ASSETCATALOG_COMPILER_APPICON_NAME = AppIcon;
				EMBEDDED_CONTENT_CONTAINS_SWIFT = YES;
				INFOPLIST_FILE = todo/Info.plist;
				LD_RUNPATH_SEARCH_PATHS = "$(inherited) @executable_path/Frameworks";
				PRODUCT_BUNDLE_IDENTIFIER = "compact-cs378.todo";
				PRODUCT_NAME = "$(TARGET_NAME)";
			};
			name = Release;
		};
		CADD3C6B1C7E46030085F014 /* Debug */ = {
			isa = XCBuildConfiguration;
			buildSettings = {
				BUNDLE_LOADER = "$(TEST_HOST)";
				INFOPLIST_FILE = todoTests/Info.plist;
				LD_RUNPATH_SEARCH_PATHS = "$(inherited) @executable_path/Frameworks @loader_path/Frameworks";
				PRODUCT_BUNDLE_IDENTIFIER = "compact-cs378.todoTests";
				PRODUCT_NAME = "$(TARGET_NAME)";
				TEST_HOST = "$(BUILT_PRODUCTS_DIR)/todo.app/todo";
			};
			name = Debug;
		};
		CADD3C6C1C7E46030085F014 /* Release */ = {
			isa = XCBuildConfiguration;
			buildSettings = {
				BUNDLE_LOADER = "$(TEST_HOST)";
				INFOPLIST_FILE = todoTests/Info.plist;
				LD_RUNPATH_SEARCH_PATHS = "$(inherited) @executable_path/Frameworks @loader_path/Frameworks";
				PRODUCT_BUNDLE_IDENTIFIER = "compact-cs378.todoTests";
				PRODUCT_NAME = "$(TARGET_NAME)";
				TEST_HOST = "$(BUILT_PRODUCTS_DIR)/todo.app/todo";
			};
			name = Release;
		};
		CADD3C6E1C7E46030085F014 /* Debug */ = {
			isa = XCBuildConfiguration;
			buildSettings = {
				INFOPLIST_FILE = todoUITests/Info.plist;
				LD_RUNPATH_SEARCH_PATHS = "$(inherited) @executable_path/Frameworks @loader_path/Frameworks";
				PRODUCT_BUNDLE_IDENTIFIER = "compact-cs378.todoUITests";
				PRODUCT_NAME = "$(TARGET_NAME)";
				TEST_TARGET_NAME = todo;
				USES_XCTRUNNER = YES;
			};
			name = Debug;
		};
		CADD3C6F1C7E46030085F014 /* Release */ = {
			isa = XCBuildConfiguration;
			buildSettings = {
				INFOPLIST_FILE = todoUITests/Info.plist;
				LD_RUNPATH_SEARCH_PATHS = "$(inherited) @executable_path/Frameworks @loader_path/Frameworks";
				PRODUCT_BUNDLE_IDENTIFIER = "compact-cs378.todoUITests";
				PRODUCT_NAME = "$(TARGET_NAME)";
				TEST_TARGET_NAME = todo;
				USES_XCTRUNNER = YES;
			};
			name = Release;
		};
/* End XCBuildConfiguration section */

/* Begin XCConfigurationList section */
		CADD3C3A1C7E46030085F014 /* Build configuration list for PBXProject "todo" */ = {
			isa = XCConfigurationList;
			buildConfigurations = (
				CADD3C651C7E46030085F014 /* Debug */,
				CADD3C661C7E46030085F014 /* Release */,
			);
			defaultConfigurationIsVisible = 0;
			defaultConfigurationName = Release;
		};
		CADD3C671C7E46030085F014 /* Build configuration list for PBXNativeTarget "todo" */ = {
			isa = XCConfigurationList;
			buildConfigurations = (
				CADD3C681C7E46030085F014 /* Debug */,
				CADD3C691C7E46030085F014 /* Release */,
			);
			defaultConfigurationIsVisible = 0;
			defaultConfigurationName = Release;
		};
		CADD3C6A1C7E46030085F014 /* Build configuration list for PBXNativeTarget "todoTests" */ = {
			isa = XCConfigurationList;
			buildConfigurations = (
				CADD3C6B1C7E46030085F014 /* Debug */,
				CADD3C6C1C7E46030085F014 /* Release */,
			);
			defaultConfigurationIsVisible = 0;
			defaultConfigurationName = Release;
		};
		CADD3C6D1C7E46030085F014 /* Build configuration list for PBXNativeTarget "todoUITests" */ = {
			isa = XCConfigurationList;
			buildConfigurations = (
				CADD3C6E1C7E46030085F014 /* Debug */,
				CADD3C6F1C7E46030085F014 /* Release */,
			);
			defaultConfigurationIsVisible = 0;
			defaultConfigurationName = Release;
		};
/* End XCConfigurationList section */
	};
	rootObject = CADD3C371C7E46030085F014 /* Project object */;
}
